{
  "version": 4,
  "terraform_version": "1.15.1",
  "serial": 80,
  "lineage": "eeba9ddb-eca1-6d36-aa99-b1ca0a35eaf9",
  "outputs": {
    "artifact_bucket": {
      "value": "mlflow-artifacts-deploy-ml-lab",
      "type": "string"
    },
    "bigquery_dataset": {
      "value": "mlops",
      "type": "string"
    },
    "fastapi_url": {
      "value": "https://fastapi-mlflow-server-k3u4xkonya-uw.a.run.app",
      "type": "string"
    },
    "grafana_url": {
      "value": "https://grafana-server-k3u4xkonya-uw.a.run.app",
      "type": "string"
    },
    "mlflow_url": {
      "value": "https://mlflow-server-k3u4xkonya-uw.a.run.app",
      "type": "string"
    },
    "postgresql_credentials": {
      "value": {
        "connection_string": "postgresql+psycopg2://mlflow:DDU3gRGXuArv_3J_@136.118.213.160:5432/mlflow",
        "db_name": "mlflow",
        "db_password": "DDU3gRGXuArv_3J_",
        "db_public_ip": "136.118.213.160",
        "db_user": "mlflow",
        "instance_connection_name": "deploy-ml-lab:us-west1:mlflow-postgres-deploy-ml-lab"
      },
      "type": [
        "object",
        {
          "connection_string": "string",
          "db_name": "string",
          "db_password": "string",
          "db_public_ip": "string",
          "db_user": "string",
          "instance_connection_name": "string"
        }
      ],
      "sensitive": true
    }
  },
  "resources": [
    {
      "mode": "managed",
      "type": "google_storage_bucket",
      "name": "artifact_tracking_mlflow_artifact",
      "provider": "provider[\"registry.terraform.io/hashicorp/google\"]",
      "instances": [
        {
          "schema_version": 4,
          "attributes": {
            "autoclass": [],
            "cors": [],
            "custom_placement_config": [],
            "default_event_based_hold": false,
            "effective_labels": {
              "component": "mlflow-artifacts",
              "goog-terraform-provisioned": "true",
              "managed-by": "terraform",
              "stage": "artifact_tracking"
            },
            "enable_object_retention": false,
            "encryption": [],
            "force_destroy": true,
            "hierarchical_namespace": [
              {
                "enabled": false
              }
            ],
            "id": "mlflow-artifacts-deploy-ml-lab",
            "ip_filter": [],
            "labels": {
              "component": "mlflow-artifacts",
              "managed-by": "terraform",
              "stage": "artifact_tracking"
            },
            "lifecycle_rule": [],
            "location": "US-WEST1",
            "logging": [],
            "name": "mlflow-artifacts-deploy-ml-lab",
            "project": "deploy-ml-lab",
            "project_number": 626687515067,
            "public_access_prevention": "inherited",
            "requester_pays": false,
            "retention_policy": [],
            "rpo": null,
            "self_link": "https://www.googleapis.com/storage/v1/b/mlflow-artifacts-deploy-ml-lab",
            "soft_delete_policy": [
              {
                "effective_time": "2026-05-01T17:46:17.521Z",
                "retention_duration_seconds": 604800
              }
            ],
            "storage_class": "STANDARD",
            "terraform_labels": {
              "component": "mlflow-artifacts",
              "goog-terraform-provisioned": "true",
              "managed-by": "terraform",
              "stage": "artifact_tracking"
            },
            "time_created": "2026-05-01T17:46:17.521Z",
            "timeouts": null,
            "uniform_bucket_level_access": false,
            "updated": "2026-05-01T17:46:17.521Z",
            "url": "gs://mlflow-artifacts-deploy-ml-lab",
            "versioning": [],
            "website": []
          },
          "sensitive_attributes": [],
          "identity_schema_version": 0,
          "private": "eyJlMmJmYjczMC1lY2FhLTExZTYtOGY4OC0zNDM2M2JjN2M0YzAiOnsiY3JlYXRlIjo2MDAwMDAwMDAwMDAsInJlYWQiOjI0MDAwMDAwMDAwMCwidXBkYXRlIjoyNDAwMDAwMDAwMDB9LCJzY2hlbWFfdmVyc2lvbiI6IjQifQ=="
        }
      ]
    },
    {
      "module": "module.artifact_tracking_mlflow[0]",
      "mode": "data",
      "type": "google_project",
      "name": "current",
      "provider": "provider[\"registry.terraform.io/hashicorp/google\"]",
      "instances": [
        {
          "schema_version": 0,
          "attributes": {
            "auto_create_network": null,
            "billing_account": "014261-AF7FB9-F64DDA",
            "deletion_policy": "PREVENT",
            "effective_labels": {},
            "folder_id": null,
            "id": "projects/deploy-ml-lab",
            "labels": {},
            "name": "Deploy-ML-Lab",
            "number": "626687515067",
            "org_id": null,
            "project_id": "deploy-ml-lab",
            "tags": null,
            "terraform_labels": {}
          },
          "sensitive_attributes": [],
          "identity_schema_version": 0
        }
      ]
    },
    {
      "module": "module.artifact_tracking_mlflow[0]",
      "mode": "managed",
      "type": "google_project_service",
      "name": "required",
      "provider": "provider[\"registry.terraform.io/hashicorp/google\"]",
      "instances": [
        {
          "index_key": "cloudkms.googleapis.com",
          "schema_version": 0,
          "attributes": {
            "disable_dependent_services": null,
            "disable_on_destroy": false,
            "id": "deploy-ml-lab/cloudkms.googleapis.com",
            "project": "deploy-ml-lab",
            "service": "cloudkms.googleapis.com",
            "timeouts": null
          },
          "sensitive_attributes": [],
          "identity_schema_version": 0,
          "private": "eyJlMmJmYjczMC1lY2FhLTExZTYtOGY4OC0zNDM2M2JjN2M0YzAiOnsiY3JlYXRlIjoxMjAwMDAwMDAwMDAwLCJkZWxldGUiOjEyMDAwMDAwMDAwMDAsInJlYWQiOjYwMDAwMDAwMDAwMCwidXBkYXRlIjoxMjAwMDAwMDAwMDAwfX0=",
          "dependencies": [
            "module.cloud_sql_postgres.google_project_service.required",
            "module.cloud_sql_postgres.google_sql_database.db",
            "module.cloud_sql_postgres.google_sql_database.feast_db",
            "module.cloud_sql_postgres.google_sql_database.metrics_db",
            "module.cloud_sql_postgres.google_sql_database_instance.postgres",
            "module.cloud_sql_postgres.google_sql_user.users",
            "module.cloud_sql_postgres.null_resource.verify_instance_running",
            "module.cloud_sql_postgres.random_password.db_password",
            "module.cloud_sql_postgres.time_sleep.wait_for_instance"
          ]
        },
        {
          "index_key": "cloudresourcemanager.googleapis.com",
          "schema_version": 0,
          "attributes": {
            "disable_dependent_services": null,
            "disable_on_destroy": false,
            "id": "deploy-ml-lab/cloudresourcemanager.googleapis.com",
            "project": "deploy-ml-lab",
            "service": "cloudresourcemanager.googleapis.com",
            "timeouts": null
          },
          "sensitive_attributes": [],
          "identity_schema_version": 0,
          "private": "eyJlMmJmYjczMC1lY2FhLTExZTYtOGY4OC0zNDM2M2JjN2M0YzAiOnsiY3JlYXRlIjoxMjAwMDAwMDAwMDAwLCJkZWxldGUiOjEyMDAwMDAwMDAwMDAsInJlYWQiOjYwMDAwMDAwMDAwMCwidXBkYXRlIjoxMjAwMDAwMDAwMDAwfX0=",
          "dependencies": [
            "module.cloud_sql_postgres.google_project_service.required",
            "module.cloud_sql_postgres.google_sql_database.db",
            "module.cloud_sql_postgres.google_sql_database.feast_db",
            "module.cloud_sql_postgres.google_sql_database.metrics_db",
            "module.cloud_sql_postgres.google_sql_database_instance.postgres",
            "module.cloud_sql_postgres.google_sql_user.users",
            "module.cloud_sql_postgres.null_resource.verify_instance_running",
            "module.cloud_sql_postgres.random_password.db_password",
            "module.cloud_sql_postgres.time_sleep.wait_for_instance"
          ]
        },
        {
          "index_key": "compute.googleapis.com",
          "schema_version": 0,
          "attributes": {
            "disable_dependent_services": null,
            "disable_on_destroy": false,
            "id": "deploy-ml-lab/compute.googleapis.com",
            "project": "deploy-ml-lab",
            "service": "compute.googleapis.com",
            "timeouts": null
          },
          "sensitive_attributes": [],
          "identity_schema_version": 0,
          "private": "eyJlMmJmYjczMC1lY2FhLTExZTYtOGY4OC0zNDM2M2JjN2M0YzAiOnsiY3JlYXRlIjoxMjAwMDAwMDAwMDAwLCJkZWxldGUiOjEyMDAwMDAwMDAwMDAsInJlYWQiOjYwMDAwMDAwMDAwMCwidXBkYXRlIjoxMjAwMDAwMDAwMDAwfX0=",
          "dependencies": [
            "module.cloud_sql_postgres.google_project_service.required",
            "module.cloud_sql_postgres.google_sql_database.db",
            "module.cloud_sql_postgres.google_sql_database.feast_db",
            "module.cloud_sql_postgres.google_sql_database.metrics_db",
            "module.cloud_sql_postgres.google_sql_database_instance.postgres",
            "module.cloud_sql_postgres.google_sql_user.users",
            "module.cloud_sql_postgres.null_resource.verify_instance_running",
            "module.cloud_sql_postgres.random_password.db_password",
            "module.cloud_sql_postgres.time_sleep.wait_for_instance"
          ]
        },
        {
          "index_key": "iam.googleapis.com",
          "schema_version": 0,
          "attributes": {
            "disable_dependent_services": null,
            "disable_on_destroy": false,
            "id": "deploy-ml-lab/iam.googleapis.com",
            "project": "deploy-ml-lab",
            "service": "iam.googleapis.com",
            "timeouts": null
          },
          "sensitive_attributes": [],
          "identity_schema_version": 0,
          "private": "eyJlMmJmYjczMC1lY2FhLTExZTYtOGY4OC0zNDM2M2JjN2M0YzAiOnsiY3JlYXRlIjoxMjAwMDAwMDAwMDAwLCJkZWxldGUiOjEyMDAwMDAwMDAwMDAsInJlYWQiOjYwMDAwMDAwMDAwMCwidXBkYXRlIjoxMjAwMDAwMDAwMDAwfX0=",
          "dependencies": [
            "module.cloud_sql_postgres.google_project_service.required",
            "module.cloud_sql_postgres.google_sql_database.db",
            "module.cloud_sql_postgres.google_sql_database.feast_db",
            "module.cloud_sql_postgres.google_sql_database.metrics_db",
            "module.cloud_sql_postgres.google_sql_database_instance.postgres",
            "module.cloud_sql_postgres.google_sql_user.users",
            "module.cloud_sql_postgres.null_resource.verify_instance_running",
            "module.cloud_sql_postgres.random_password.db_password",
            "module.cloud_sql_postgres.time_sleep.wait_for_instance"
          ]
        },
        {
          "index_key": "logging.googleapis.com",
          "schema_version": 0,
          "attributes": {
            "disable_dependent_services": null,
            "disable_on_destroy": false,
            "id": "deploy-ml-lab/logging.googleapis.com",
            "project": "deploy-ml-lab",
            "service": "logging.googleapis.com",
            "timeouts": null
          },
          "sensitive_attributes": [],
          "identity_schema_version": 0,
          "private": "eyJlMmJmYjczMC1lY2FhLTExZTYtOGY4OC0zNDM2M2JjN2M0YzAiOnsiY3JlYXRlIjoxMjAwMDAwMDAwMDAwLCJkZWxldGUiOjEyMDAwMDAwMDAwMDAsInJlYWQiOjYwMDAwMDAwMDAwMCwidXBkYXRlIjoxMjAwMDAwMDAwMDAwfX0=",
          "dependencies": [
            "module.cloud_sql_postgres.google_project_service.required",
            "module.cloud_sql_postgres.google_sql_database.db",
            "module.cloud_sql_postgres.google_sql_database.feast_db",
            "module.cloud_sql_postgres.google_sql_database.metrics_db",
            "module.cloud_sql_postgres.google_sql_database_instance.postgres",
            "module.cloud_sql_postgres.google_sql_user.users",
            "module.cloud_sql_postgres.null_resource.verify_instance_running",
            "module.cloud_sql_postgres.random_password.db_password",
            "module.cloud_sql_postgres.time_sleep.wait_for_instance"
          ]
        },
        {
          "index_key": "monitoring.googleapis.com",
          "schema_version": 0,
          "attributes": {
            "disable_dependent_services": null,
            "disable_on_destroy": false,
            "id": "deploy-ml-lab/monitoring.googleapis.com",
            "project": "deploy-ml-lab",
            "service": "monitoring.googleapis.com",
            "timeouts": null
          },
          "sensitive_attributes": [],
          "identity_schema_version": 0,
          "private": "eyJlMmJmYjczMC1lY2FhLTExZTYtOGY4OC0zNDM2M2JjN2M0YzAiOnsiY3JlYXRlIjoxMjAwMDAwMDAwMDAwLCJkZWxldGUiOjEyMDAwMDAwMDAwMDAsInJlYWQiOjYwMDAwMDAwMDAwMCwidXBkYXRlIjoxMjAwMDAwMDAwMDAwfX0=",
          "dependencies": [
            "module.cloud_sql_postgres.google_project_service.required",
            "module.cloud_sql_postgres.google_sql_database.db",
            "module.cloud_sql_postgres.google_sql_database.feast_db",
            "module.cloud_sql_postgres.google_sql_database.metrics_db",
            "module.cloud_sql_postgres.google_sql_database_instance.postgres",
            "module.cloud_sql_postgres.google_sql_user.users",
            "module.cloud_sql_postgres.null_resource.verify_instance_running",
            "module.cloud_sql_postgres.random_password.db_password",
            "module.cloud_sql_postgres.time_sleep.wait_for_instance"
          ]
        },
        {
          "index_key": "run.googleapis.com",
          "schema_version": 0,
          "attributes": {
            "disable_dependent_services": null,
            "disable_on_destroy": false,
            "id": "deploy-ml-lab/run.googleapis.com",
            "project": "deploy-ml-lab",
            "service": "run.googleapis.com",
            "timeouts": null
          },
          "sensitive_attributes": [],
          "identity_schema_version": 0,
          "private": "eyJlMmJmYjczMC1lY2FhLTExZTYtOGY4OC0zNDM2M2JjN2M0YzAiOnsiY3JlYXRlIjoxMjAwMDAwMDAwMDAwLCJkZWxldGUiOjEyMDAwMDAwMDAwMDAsInJlYWQiOjYwMDAwMDAwMDAwMCwidXBkYXRlIjoxMjAwMDAwMDAwMDAwfX0=",
          "dependencies": [
            "module.cloud_sql_postgres.google_project_service.required",
            "module.cloud_sql_postgres.google_sql_database.db",
            "module.cloud_sql_postgres.google_sql_database.feast_db",
            "module.cloud_sql_postgres.google_sql_database.metrics_db",
            "module.cloud_sql_postgres.google_sql_database_instance.postgres",
            "module.cloud_sql_postgres.google_sql_user.users",
            "module.cloud_sql_postgres.null_resource.verify_instance_running",
            "module.cloud_sql_postgres.random_password.db_password",
            "module.cloud_sql_postgres.time_sleep.wait_for_instance"
          ]
        },
        {
          "index_key": "servicenetworking.googleapis.com",
          "schema_version": 0,
          "attributes": {
            "disable_dependent_services": null,
            "disable_on_destroy": false,
            "id": "deploy-ml-lab/servicenetworking.googleapis.com",
            "project": "deploy-ml-lab",
            "service": "servicenetworking.googleapis.com",
            "timeouts": null
          },
          "sensitive_attributes": [],
          "identity_schema_version": 0,
          "private": "eyJlMmJmYjczMC1lY2FhLTExZTYtOGY4OC0zNDM2M2JjN2M0YzAiOnsiY3JlYXRlIjoxMjAwMDAwMDAwMDAwLCJkZWxldGUiOjEyMDAwMDAwMDAwMDAsInJlYWQiOjYwMDAwMDAwMDAwMCwidXBkYXRlIjoxMjAwMDAwMDAwMDAwfX0=",
          "dependencies": [
            "module.cloud_sql_postgres.google_project_service.required",
            "module.cloud_sql_postgres.google_sql_database.db",
            "module.cloud_sql_postgres.google_sql_database.feast_db",
            "module.cloud_sql_postgres.google_sql_database.metrics_db",
            "module.cloud_sql_postgres.google_sql_database_instance.postgres",
            "module.cloud_sql_postgres.google_sql_user.users",
            "module.cloud_sql_postgres.null_resource.verify_instance_running",
            "module.cloud_sql_postgres.random_password.db_password",
            "module.cloud_sql_postgres.time_sleep.wait_for_instance"
          ]
        },
        {
          "index_key": "serviceusage.googleapis.com",
          "schema_version": 0,
          "attributes": {
            "disable_dependent_services": null,
            "disable_on_destroy": false,
            "id": "deploy-ml-lab/serviceusage.googleapis.com",
            "project": "deploy-ml-lab",
            "service": "serviceusage.googleapis.com",
            "timeouts": null
          },
          "sensitive_attributes": [],
          "identity_schema_version": 0,
          "private": "eyJlMmJmYjczMC1lY2FhLTExZTYtOGY4OC0zNDM2M2JjN2M0YzAiOnsiY3JlYXRlIjoxMjAwMDAwMDAwMDAwLCJkZWxldGUiOjEyMDAwMDAwMDAwMDAsInJlYWQiOjYwMDAwMDAwMDAwMCwidXBkYXRlIjoxMjAwMDAwMDAwMDAwfX0=",
          "dependencies": [
            "module.cloud_sql_postgres.google_project_service.required",
            "module.cloud_sql_postgres.google_sql_database.db",
            "module.cloud_sql_postgres.google_sql_database.feast_db",
            "module.cloud_sql_postgres.google_sql_database.metrics_db",
            "module.cloud_sql_postgres.google_sql_database_instance.postgres",
            "module.cloud_sql_postgres.google_sql_user.users",
            "module.cloud_sql_postgres.null_resource.verify_instance_running",
            "module.cloud_sql_postgres.random_password.db_password",
            "module.cloud_sql_postgres.time_sleep.wait_for_instance"
          ]
        },
        {
          "index_key": "sql-component.googleapis.com",
          "schema_version": 0,
          "attributes": {
            "disable_dependent_services": null,
            "disable_on_destroy": false,
            "id": "deploy-ml-lab/sql-component.googleapis.com",
            "project": "deploy-ml-lab",
            "service": "sql-component.googleapis.com",
            "timeouts": null
          },
          "sensitive_attributes": [],
          "identity_schema_version": 0,
          "private": "eyJlMmJmYjczMC1lY2FhLTExZTYtOGY4OC0zNDM2M2JjN2M0YzAiOnsiY3JlYXRlIjoxMjAwMDAwMDAwMDAwLCJkZWxldGUiOjEyMDAwMDAwMDAwMDAsInJlYWQiOjYwMDAwMDAwMDAwMCwidXBkYXRlIjoxMjAwMDAwMDAwMDAwfX0=",
          "dependencies": [
            "module.cloud_sql_postgres.google_project_service.required",
            "module.cloud_sql_postgres.google_sql_database.db",
            "module.cloud_sql_postgres.google_sql_database.feast_db",
            "module.cloud_sql_postgres.google_sql_database.metrics_db",
            "module.cloud_sql_postgres.google_sql_database_instance.postgres",
            "module.cloud_sql_postgres.google_sql_user.users",
            "module.cloud_sql_postgres.null_resource.verify_instance_running",
            "module.cloud_sql_postgres.random_password.db_password",
            "module.cloud_sql_postgres.time_sleep.wait_for_instance"
          ]
        },
        {
          "index_key": "sqladmin.googleapis.com",
          "schema_version": 0,
          "attributes": {
            "disable_dependent_services": null,
            "disable_on_destroy": false,
            "id": "deploy-ml-lab/sqladmin.googleapis.com",
            "project": "deploy-ml-lab",
            "service": "sqladmin.googleapis.com",
            "timeouts": null
          },
          "sensitive_attributes": [],
          "identity_schema_version": 0,
          "private": "eyJlMmJmYjczMC1lY2FhLTExZTYtOGY4OC0zNDM2M2JjN2M0YzAiOnsiY3JlYXRlIjoxMjAwMDAwMDAwMDAwLCJkZWxldGUiOjEyMDAwMDAwMDAwMDAsInJlYWQiOjYwMDAwMDAwMDAwMCwidXBkYXRlIjoxMjAwMDAwMDAwMDAwfX0=",
          "dependencies": [
            "module.cloud_sql_postgres.google_project_service.required",
            "module.cloud_sql_postgres.google_sql_database.db",
            "module.cloud_sql_postgres.google_sql_database.feast_db",
            "module.cloud_sql_postgres.google_sql_database.metrics_db",
            "module.cloud_sql_postgres.google_sql_database_instance.postgres",
            "module.cloud_sql_postgres.google_sql_user.users",
            "module.cloud_sql_postgres.null_resource.verify_instance_running",
            "module.cloud_sql_postgres.random_password.db_password",
            "module.cloud_sql_postgres.time_sleep.wait_for_instance"
          ]
        },
        {
          "index_key": "storage-api.googleapis.com",
          "schema_version": 0,
          "attributes": {
            "disable_dependent_services": null,
            "disable_on_destroy": false,
            "id": "deploy-ml-lab/storage-api.googleapis.com",
            "project": "deploy-ml-lab",
            "service": "storage-api.googleapis.com",
            "timeouts": null
          },
          "sensitive_attributes": [],
          "identity_schema_version": 0,
          "private": "eyJlMmJmYjczMC1lY2FhLTExZTYtOGY4OC0zNDM2M2JjN2M0YzAiOnsiY3JlYXRlIjoxMjAwMDAwMDAwMDAwLCJkZWxldGUiOjEyMDAwMDAwMDAwMDAsInJlYWQiOjYwMDAwMDAwMDAwMCwidXBkYXRlIjoxMjAwMDAwMDAwMDAwfX0=",
          "dependencies": [
            "module.cloud_sql_postgres.google_project_service.required",
            "module.cloud_sql_postgres.google_sql_database.db",
            "module.cloud_sql_postgres.google_sql_database.feast_db",
            "module.cloud_sql_postgres.google_sql_database.metrics_db",
            "module.cloud_sql_postgres.google_sql_database_instance.postgres",
            "module.cloud_sql_postgres.google_sql_user.users",
            "module.cloud_sql_postgres.null_resource.verify_instance_running",
            "module.cloud_sql_postgres.random_password.db_password",
            "module.cloud_sql_postgres.time_sleep.wait_for_instance"
          ]
        },
        {
          "index_key": "storage-component.googleapis.com",
          "schema_version": 0,
          "attributes": {
            "disable_dependent_services": null,
            "disable_on_destroy": false,
            "id": "deploy-ml-lab/storage-component.googleapis.com",
            "project": "deploy-ml-lab",
            "service": "storage-component.googleapis.com",
            "timeouts": null
          },
          "sensitive_attributes": [],
          "identity_schema_version": 0,
          "private": "eyJlMmJmYjczMC1lY2FhLTExZTYtOGY4OC0zNDM2M2JjN2M0YzAiOnsiY3JlYXRlIjoxMjAwMDAwMDAwMDAwLCJkZWxldGUiOjEyMDAwMDAwMDAwMDAsInJlYWQiOjYwMDAwMDAwMDAwMCwidXBkYXRlIjoxMjAwMDAwMDAwMDAwfX0=",
          "dependencies": [
            "module.cloud_sql_postgres.google_project_service.required",
            "module.cloud_sql_postgres.google_sql_database.db",
            "module.cloud_sql_postgres.google_sql_database.feast_db",
            "module.cloud_sql_postgres.google_sql_database.metrics_db",
            "module.cloud_sql_postgres.google_sql_database_instance.postgres",
            "module.cloud_sql_postgres.google_sql_user.users",
            "module.cloud_sql_postgres.null_resource.verify_instance_running",
            "module.cloud_sql_postgres.random_password.db_password",
            "module.cloud_sql_postgres.time_sleep.wait_for_instance"
          ]
        }
      ]
    },
    {
      "module": "module.bigquery",
      "mode": "managed",
      "type": "google_bigquery_dataset",
      "name": "mlops",
      "provider": "provider[\"registry.terraform.io/hashicorp/google\"]",
      "instances": [
        {
          "schema_version": 0,
          "attributes": {
            "access": [
              {
                "condition": [],
                "dataset": [],
                "domain": "",
                "group_by_email": "",
                "iam_member": "",
                "role": "OWNER",
                "routine": [],
                "special_group": "",
                "user_by_email": "kyleparkman5@gmail.com",
                "view": []
              },
              {
                "condition": [],
                "dataset": [],
                "domain": "",
                "group_by_email": "",
                "iam_member": "",
                "role": "OWNER",
                "routine": [],
                "special_group": "projectOwners",
                "user_by_email": "",
                "view": []
              },
              {
                "condition": [],
                "dataset": [],
                "domain": "",
                "group_by_email": "",
                "iam_member": "",
                "role": "READER",
                "routine": [],
                "special_group": "projectReaders",
                "user_by_email": "",
                "view": []
              },
              {
                "condition": [],
                "dataset": [],
                "domain": "",
                "group_by_email": "",
                "iam_member": "",
                "role": "WRITER",
                "routine": [],
                "special_group": "projectWriters",
                "user_by_email": "",
                "view": []
              }
            ],
            "creation_time": 1777657577418,
            "dataset_id": "mlops",
            "default_collation": "",
            "default_encryption_configuration": [],
            "default_partition_expiration_ms": 0,
            "default_table_expiration_ms": 0,
            "delete_contents_on_destroy": false,
            "description": "",
            "effective_labels": {
              "goog-terraform-provisioned": "true"
            },
            "etag": "4cdESsacfzsXsKl3kl/PDA==",
            "external_catalog_dataset_options": [],
            "external_dataset_reference": [],
            "friendly_name": "",
            "id": "projects/deploy-ml-lab/datasets/mlops",
            "is_case_insensitive": false,
            "labels": null,
            "last_modified_time": 1777657577418,
            "location": "us-west1",
            "max_time_travel_hours": "168",
            "project": "deploy-ml-lab",
            "resource_tags": null,
            "self_link": "https://bigquery.googleapis.com/bigquery/v2/projects/deploy-ml-lab/datasets/mlops",
            "storage_billing_model": "",
            "terraform_labels": {
              "goog-terraform-provisioned": "true"
            },
            "timeouts": null
          },
          "sensitive_attributes": [],
          "identity_schema_version": 0,
          "private": "eyJlMmJmYjczMC1lY2FhLTExZTYtOGY4OC0zNDM2M2JjN2M0YzAiOnsiY3JlYXRlIjoxMjAwMDAwMDAwMDAwLCJkZWxldGUiOjEyMDAwMDAwMDAwMDAsInVwZGF0ZSI6MTIwMDAwMDAwMDAwMH19"
        }
      ]
    },
    {
      "module": "module.bigquery",
      "mode": "managed",
      "type": "google_bigquery_table",
      "name": "drift_metrics",
      "provider": "provider[\"registry.terraform.io/hashicorp/google\"]",
      "instances": [
        {
          "schema_version": 0,
          "attributes": {
            "biglake_configuration": [],
            "clustering": null,
            "creation_time": 1777657582461,
            "dataset_id": "mlops",
            "deletion_protection": false,
            "description": "",
            "effective_labels": {
              "goog-terraform-provisioned": "true"
            },
            "encryption_configuration": [],
            "etag": "4yZ45vGH9q4QYNfNcebg+w==",
            "expiration_time": 0,
            "external_catalog_table_options": [],
            "external_data_configuration": [],
            "friendly_name": "",
            "generated_schema_columns": "",
            "id": "projects/deploy-ml-lab/datasets/mlops/tables/drift_metrics",
            "ignore_auto_generated_schema": false,
            "ignore_schema_changes": null,
            "labels": null,
            "last_modified_time": 1777657582533,
            "location": "us-west1",
            "materialized_view": [],
            "max_staleness": "",
            "num_bytes": 0,
            "num_long_term_bytes": 0,
            "num_rows": 0,
            "project": "deploy-ml-lab",
            "range_partitioning": [],
            "require_partition_filter": false,
            "resource_tags": null,
            "schema": "[{\"mode\":\"REQUIRED\",\"name\":\"metric_timestamp\",\"type\":\"TIMESTAMP\"},{\"mode\":\"REQUIRED\",\"name\":\"metric_type\",\"type\":\"STRING\"},{\"mode\":\"NULLABLE\",\"name\":\"feature_name\",\"type\":\"STRING\"},{\"mode\":\"NULLABLE\",\"name\":\"value\",\"type\":\"FLOAT\"},{\"mode\":\"NULLABLE\",\"name\":\"window_start\",\"type\":\"TIMESTAMP\"},{\"mode\":\"NULLABLE\",\"name\":\"window_end\",\"type\":\"TIMESTAMP\"},{\"mode\":\"NULLABLE\",\"name\":\"model_version\",\"type\":\"STRING\"}]",
            "schema_foreign_type_info": [],
            "self_link": "https://bigquery.googleapis.com/bigquery/v2/projects/deploy-ml-lab/datasets/mlops/tables/drift_metrics",
            "table_constraints": [],
            "table_id": "drift_metrics",
            "table_metadata_view": null,
            "table_replication_info": [],
            "terraform_labels": {
              "goog-terraform-provisioned": "true"
            },
            "time_partitioning": [],
            "type": "TABLE",
            "view": []
          },
          "sensitive_attributes": [],
          "identity_schema_version": 0,
          "private": "bnVsbA==",
          "dependencies": [
            "module.bigquery.google_bigquery_dataset.mlops"
          ]
        }
      ]
    },
    {
      "module": "module.bigquery",
      "mode": "managed",
      "type": "google_bigquery_table",
      "name": "ground_truth",
      "provider": "provider[\"registry.terraform.io/hashicorp/google\"]",
      "instances": [
        {
          "schema_version": 0,
          "attributes": {
            "biglake_configuration": [],
            "clustering": null,
            "creation_time": 1777657581758,
            "dataset_id": "mlops",
            "deletion_protection": false,
            "description": "",
            "effective_labels": {
              "goog-terraform-provisioned": "true"
            },
            "encryption_configuration": [],
            "etag": "/aXN+x77zollEcAs+5OPVw==",
            "expiration_time": 0,
            "external_catalog_table_options": [],
            "external_data_configuration": [],
            "friendly_name": "",
            "generated_schema_columns": "",
            "id": "projects/deploy-ml-lab/datasets/mlops/tables/ground_truth",
            "ignore_auto_generated_schema": false,
            "ignore_schema_changes": null,
            "labels": null,
            "last_modified_time": 1777657581833,
            "location": "us-west1",
            "materialized_view": [],
            "max_staleness": "",
            "num_bytes": 0,
            "num_long_term_bytes": 0,
            "num_rows": 0,
            "project": "deploy-ml-lab",
            "range_partitioning": [],
            "require_partition_filter": false,
            "resource_tags": null,
            "schema": "[{\"mode\":\"REQUIRED\",\"name\":\"entity_id\",\"type\":\"STRING\"},{\"mode\":\"REQUIRED\",\"name\":\"event_timestamp\",\"type\":\"TIMESTAMP\"},{\"mode\":\"NULLABLE\",\"name\":\"actual_value\",\"type\":\"FLOAT\"}]",
            "schema_foreign_type_info": [],
            "self_link": "https://bigquery.googleapis.com/bigquery/v2/projects/deploy-ml-lab/datasets/mlops/tables/ground_truth",
            "table_constraints": [],
            "table_id": "ground_truth",
            "table_metadata_view": null,
            "table_replication_info": [],
            "terraform_labels": {
              "goog-terraform-provisioned": "true"
            },
            "time_partitioning": [],
            "type": "TABLE",
            "view": []
          },
          "sensitive_attributes": [],
          "identity_schema_version": 0,
          "private": "bnVsbA==",
          "dependencies": [
            "module.bigquery.google_bigquery_dataset.mlops"
          ]
        }
      ]
    },
    {
      "module": "module.bigquery",
      "mode": "managed",
      "type": "google_bigquery_table",
      "name": "offline_features",
      "provider": "provider[\"registry.terraform.io/hashicorp/google\"]",
      "instances": [
        {
          "schema_version": 0,
          "attributes": {
            "biglake_configuration": [],
            "clustering": null,
            "creation_time": 1777657580661,
            "dataset_id": "mlops",
            "deletion_protection": false,
            "description": "",
            "effective_labels": {
              "goog-terraform-provisioned": "true"
            },
            "encryption_configuration": [],
            "etag": "QmlsBx2AGZhJzAwROLYUrg==",
            "expiration_time": 0,
            "external_catalog_table_options": [],
            "external_data_configuration": [],
            "friendly_name": "",
            "generated_schema_columns": "",
            "id": "projects/deploy-ml-lab/datasets/mlops/tables/offline_features",
            "ignore_auto_generated_schema": false,
            "ignore_schema_changes": null,
            "labels": null,
            "last_modified_time": 1777657580726,
            "location": "us-west1",
            "materialized_view": [],
            "max_staleness": "",
            "num_bytes": 0,
            "num_long_term_bytes": 0,
            "num_rows": 0,
            "project": "deploy-ml-lab",
            "range_partitioning": [],
            "require_partition_filter": false,
            "resource_tags": null,
            "schema": "[{\"mode\":\"REQUIRED\",\"name\":\"entity_id\",\"type\":\"STRING\"},{\"mode\":\"REQUIRED\",\"name\":\"event_timestamp\",\"type\":\"TIMESTAMP\"},{\"mode\":\"NULLABLE\",\"name\":\"bedrooms\",\"type\":\"FLOAT\"},{\"mode\":\"NULLABLE\",\"name\":\"bathrooms\",\"type\":\"FLOAT\"},{\"mode\":\"NULLABLE\",\"name\":\"area_sqft\",\"type\":\"FLOAT\"},{\"mode\":\"NULLABLE\",\"name\":\"lot_size\",\"type\":\"FLOAT\"},{\"mode\":\"NULLABLE\",\"name\":\"year_built\",\"type\":\"FLOAT\"},{\"mode\":\"NULLABLE\",\"name\":\"city\",\"type\":\"FLOAT\"},{\"mode\":\"NULLABLE\",\"name\":\"state\",\"type\":\"FLOAT\"},{\"mode\":\"NULLABLE\",\"name\":\"price\",\"type\":\"FLOAT\"}]",
            "schema_foreign_type_info": [],
            "self_link": "https://bigquery.googleapis.com/bigquery/v2/projects/deploy-ml-lab/datasets/mlops/tables/offline_features",
            "table_constraints": [],
            "table_id": "offline_features",
            "table_metadata_view": null,
            "table_replication_info": [],
            "terraform_labels": {
              "goog-terraform-provisioned": "true"
            },
            "time_partitioning": [],
            "type": "TABLE",
            "view": []
          },
          "sensitive_attributes": [],
          "identity_schema_version": 0,
          "private": "bnVsbA==",
          "dependencies": [
            "module.bigquery.google_bigquery_dataset.mlops"
          ]
        }
      ]
    },
    {
      "module": "module.bigquery",
      "mode": "managed",
      "type": "google_bigquery_table",
      "name": "predictions",
      "provider": "provider[\"registry.terraform.io/hashicorp/google\"]",
      "instances": [
        {
          "schema_version": 0,
          "attributes": {
            "biglake_configuration": [],
            "clustering": null,
            "creation_time": 1777657581217,
            "dataset_id": "mlops",
            "deletion_protection": false,
            "description": "",
            "effective_labels": {
              "goog-terraform-provisioned": "true"
            },
            "encryption_configuration": [],
            "etag": "NC7lI0FtuQMsmAqv1VyYIQ==",
            "expiration_time": 0,
            "external_catalog_table_options": [],
            "external_data_configuration": [],
            "friendly_name": "",
            "generated_schema_columns": "",
            "id": "projects/deploy-ml-lab/datasets/mlops/tables/predictions",
            "ignore_auto_generated_schema": false,
            "ignore_schema_changes": null,
            "labels": null,
            "last_modified_time": 1777657581234,
            "location": "us-west1",
            "materialized_view": [],
            "max_staleness": "",
            "num_bytes": 0,
            "num_long_term_bytes": 0,
            "num_rows": 0,
            "project": "deploy-ml-lab",
            "range_partitioning": [],
            "require_partition_filter": false,
            "resource_tags": null,
            "schema": "[{\"mode\":\"REQUIRED\",\"name\":\"prediction_id\",\"type\":\"STRING\"},{\"mode\":\"REQUIRED\",\"name\":\"entity_id\",\"type\":\"STRING\"},{\"mode\":\"REQUIRED\",\"name\":\"prediction_timestamp\",\"type\":\"TIMESTAMP\"},{\"mode\":\"NULLABLE\",\"name\":\"predicted_value\",\"type\":\"FLOAT\"},{\"mode\":\"NULLABLE\",\"name\":\"model_version\",\"type\":\"STRING\"},{\"mode\":\"NULLABLE\",\"name\":\"feature_snapshot_timestamp\",\"type\":\"TIMESTAMP\"}]",
            "schema_foreign_type_info": [],
            "self_link": "https://bigquery.googleapis.com/bigquery/v2/projects/deploy-ml-lab/datasets/mlops/tables/predictions",
            "table_constraints": [],
            "table_id": "predictions",
            "table_metadata_view": null,
            "table_replication_info": [],
            "terraform_labels": {
              "goog-terraform-provisioned": "true"
            },
            "time_partitioning": [],
            "type": "TABLE",
            "view": []
          },
          "sensitive_attributes": [],
          "identity_schema_version": 0,
          "private": "bnVsbA==",
          "dependencies": [
            "module.bigquery.google_bigquery_dataset.mlops"
          ]
        }
      ]
    },
    {
      "module": "module.cloud_sql_postgres",
      "mode": "managed",
      "type": "google_project_service",
      "name": "required",
      "provider": "provider[\"registry.terraform.io/hashicorp/google\"]",
      "instances": [
        {
          "index_key": "cloudkms.googleapis.com",
          "schema_version": 0,
          "attributes": {
            "disable_dependent_services": null,
            "disable_on_destroy": false,
            "id": "deploy-ml-lab/cloudkms.googleapis.com",
            "project": "deploy-ml-lab",
            "service": "cloudkms.googleapis.com",
            "timeouts": null
          },
          "sensitive_attributes": [],
          "identity_schema_version": 0,
          "private": "eyJlMmJmYjczMC1lY2FhLTExZTYtOGY4OC0zNDM2M2JjN2M0YzAiOnsiY3JlYXRlIjoxMjAwMDAwMDAwMDAwLCJkZWxldGUiOjEyMDAwMDAwMDAwMDAsInJlYWQiOjYwMDAwMDAwMDAwMCwidXBkYXRlIjoxMjAwMDAwMDAwMDAwfX0=",
          "create_before_destroy": true
        },
        {
          "index_key": "cloudresourcemanager.googleapis.com",
          "schema_version": 0,
          "attributes": {
            "disable_dependent_services": null,
            "disable_on_destroy": false,
            "id": "deploy-ml-lab/cloudresourcemanager.googleapis.com",
            "project": "deploy-ml-lab",
            "service": "cloudresourcemanager.googleapis.com",
            "timeouts": null
          },
          "sensitive_attributes": [],
          "identity_schema_version": 0,
          "private": "eyJlMmJmYjczMC1lY2FhLTExZTYtOGY4OC0zNDM2M2JjN2M0YzAiOnsiY3JlYXRlIjoxMjAwMDAwMDAwMDAwLCJkZWxldGUiOjEyMDAwMDAwMDAwMDAsInJlYWQiOjYwMDAwMDAwMDAwMCwidXBkYXRlIjoxMjAwMDAwMDAwMDAwfX0=",
          "create_before_destroy": true
        },
        {
          "index_key": "compute.googleapis.com",
          "schema_version": 0,
          "attributes": {
            "disable_dependent_services": null,
            "disable_on_destroy": false,
            "id": "deploy-ml-lab/compute.googleapis.com",
            "project": "deploy-ml-lab",
            "service": "compute.googleapis.com",
            "timeouts": null
          },
          "sensitive_attributes": [],
          "identity_schema_version": 0,
          "private": "eyJlMmJmYjczMC1lY2FhLTExZTYtOGY4OC0zNDM2M2JjN2M0YzAiOnsiY3JlYXRlIjoxMjAwMDAwMDAwMDAwLCJkZWxldGUiOjEyMDAwMDAwMDAwMDAsInJlYWQiOjYwMDAwMDAwMDAwMCwidXBkYXRlIjoxMjAwMDAwMDAwMDAwfX0=",
          "create_before_destroy": true
        },
        {
          "index_key": "logging.googleapis.com",
          "schema_version": 0,
          "attributes": {
            "disable_dependent_services": null,
            "disable_on_destroy": false,
            "id": "deploy-ml-lab/logging.googleapis.com",
            "project": "deploy-ml-lab",
            "service": "logging.googleapis.com",
            "timeouts": null
          },
          "sensitive_attributes": [],
          "identity_schema_version": 0,
          "private": "eyJlMmJmYjczMC1lY2FhLTExZTYtOGY4OC0zNDM2M2JjN2M0YzAiOnsiY3JlYXRlIjoxMjAwMDAwMDAwMDAwLCJkZWxldGUiOjEyMDAwMDAwMDAwMDAsInJlYWQiOjYwMDAwMDAwMDAwMCwidXBkYXRlIjoxMjAwMDAwMDAwMDAwfX0=",
          "create_before_destroy": true
        },
        {
          "index_key": "monitoring.googleapis.com",
          "schema_version": 0,
          "attributes": {
            "disable_dependent_services": null,
            "disable_on_destroy": false,
            "id": "deploy-ml-lab/monitoring.googleapis.com",
            "project": "deploy-ml-lab",
            "service": "monitoring.googleapis.com",
            "timeouts": null
          },
          "sensitive_attributes": [],
          "identity_schema_version": 0,
          "private": "eyJlMmJmYjczMC1lY2FhLTExZTYtOGY4OC0zNDM2M2JjN2M0YzAiOnsiY3JlYXRlIjoxMjAwMDAwMDAwMDAwLCJkZWxldGUiOjEyMDAwMDAwMDAwMDAsInJlYWQiOjYwMDAwMDAwMDAwMCwidXBkYXRlIjoxMjAwMDAwMDAwMDAwfX0=",
          "create_before_destroy": true
        },
        {
          "index_key": "servicenetworking.googleapis.com",
          "schema_version": 0,
          "attributes": {
            "disable_dependent_services": null,
            "disable_on_destroy": false,
            "id": "deploy-ml-lab/servicenetworking.googleapis.com",
            "project": "deploy-ml-lab",
            "service": "servicenetworking.googleapis.com",
            "timeouts": null
          },
          "sensitive_attributes": [],
          "identity_schema_version": 0,
          "private": "eyJlMmJmYjczMC1lY2FhLTExZTYtOGY4OC0zNDM2M2JjN2M0YzAiOnsiY3JlYXRlIjoxMjAwMDAwMDAwMDAwLCJkZWxldGUiOjEyMDAwMDAwMDAwMDAsInJlYWQiOjYwMDAwMDAwMDAwMCwidXBkYXRlIjoxMjAwMDAwMDAwMDAwfX0=",
          "create_before_destroy": true
        },
        {
          "index_key": "serviceusage.googleapis.com",
          "schema_version": 0,
          "attributes": {
            "disable_dependent_services": null,
            "disable_on_destroy": false,
            "id": "deploy-ml-lab/serviceusage.googleapis.com",
            "project": "deploy-ml-lab",
            "service": "serviceusage.googleapis.com",
            "timeouts": null
          },
          "sensitive_attributes": [],
          "identity_schema_version": 0,
          "private": "eyJlMmJmYjczMC1lY2FhLTExZTYtOGY4OC0zNDM2M2JjN2M0YzAiOnsiY3JlYXRlIjoxMjAwMDAwMDAwMDAwLCJkZWxldGUiOjEyMDAwMDAwMDAwMDAsInJlYWQiOjYwMDAwMDAwMDAwMCwidXBkYXRlIjoxMjAwMDAwMDAwMDAwfX0=",
          "create_before_destroy": true
        },
        {
          "index_key": "sql-component.googleapis.com",
          "schema_version": 0,
          "attributes": {
            "disable_dependent_services": null,
            "disable_on_destroy": false,
            "id": "deploy-ml-lab/sql-component.googleapis.com",
            "project": "deploy-ml-lab",
            "service": "sql-component.googleapis.com",
            "timeouts": null
          },
          "sensitive_attributes": [],
          "identity_schema_version": 0,
          "private": "eyJlMmJmYjczMC1lY2FhLTExZTYtOGY4OC0zNDM2M2JjN2M0YzAiOnsiY3JlYXRlIjoxMjAwMDAwMDAwMDAwLCJkZWxldGUiOjEyMDAwMDAwMDAwMDAsInJlYWQiOjYwMDAwMDAwMDAwMCwidXBkYXRlIjoxMjAwMDAwMDAwMDAwfX0=",
          "create_before_destroy": true
        },
        {
          "index_key": "sqladmin.googleapis.com",
          "schema_version": 0,
          "attributes": {
            "disable_dependent_services": null,
            "disable_on_destroy": false,
            "id": "deploy-ml-lab/sqladmin.googleapis.com",
            "project": "deploy-ml-lab",
            "service": "sqladmin.googleapis.com",
            "timeouts": null
          },
          "sensitive_attributes": [],
          "identity_schema_version": 0,
          "private": "eyJlMmJmYjczMC1lY2FhLTExZTYtOGY4OC0zNDM2M2JjN2M0YzAiOnsiY3JlYXRlIjoxMjAwMDAwMDAwMDAwLCJkZWxldGUiOjEyMDAwMDAwMDAwMDAsInJlYWQiOjYwMDAwMDAwMDAwMCwidXBkYXRlIjoxMjAwMDAwMDAwMDAwfX0=",
          "create_before_destroy": true
        },
        {
          "index_key": "storage-api.googleapis.com",
          "schema_version": 0,
          "attributes": {
            "disable_dependent_services": null,
            "disable_on_destroy": false,
            "id": "deploy-ml-lab/storage-api.googleapis.com",
            "project": "deploy-ml-lab",
            "service": "storage-api.googleapis.com",
            "timeouts": null
          },
          "sensitive_attributes": [],
          "identity_schema_version": 0,
          "private": "eyJlMmJmYjczMC1lY2FhLTExZTYtOGY4OC0zNDM2M2JjN2M0YzAiOnsiY3JlYXRlIjoxMjAwMDAwMDAwMDAwLCJkZWxldGUiOjEyMDAwMDAwMDAwMDAsInJlYWQiOjYwMDAwMDAwMDAwMCwidXBkYXRlIjoxMjAwMDAwMDAwMDAwfX0=",
          "create_before_destroy": true
        },
        {
          "index_key": "storage-component.googleapis.com",
          "schema_version": 0,
          "attributes": {
            "disable_dependent_services": null,
            "disable_on_destroy": false,
            "id": "deploy-ml-lab/storage-component.googleapis.com",
            "project": "deploy-ml-lab",
            "service": "storage-component.googleapis.com",
            "timeouts": null
          },
          "sensitive_attributes": [],
          "identity_schema_version": 0,
          "private": "eyJlMmJmYjczMC1lY2FhLTExZTYtOGY4OC0zNDM2M2JjN2M0YzAiOnsiY3JlYXRlIjoxMjAwMDAwMDAwMDAwLCJkZWxldGUiOjEyMDAwMDAwMDAwMDAsInJlYWQiOjYwMDAwMDAwMDAwMCwidXBkYXRlIjoxMjAwMDAwMDAwMDAwfX0=",
          "create_before_destroy": true
        }
      ]
    },
    {
      "module": "module.cloud_sql_postgres",
      "mode": "managed",
      "type": "google_sql_database",
      "name": "metrics_db",
      "provider": "provider[\"registry.terraform.io/hashicorp/google\"]",
      "instances": [
        {
          "index_key": 0,
          "schema_version": 0,
          "attributes": {
            "charset": "UTF8",
            "collation": "en_US.UTF8",
            "deletion_policy": "DELETE",
            "id": "projects/deploy-ml-lab/instances/mlflow-postgres-deploy-ml-lab/databases/metrics",
            "instance": "mlflow-postgres-deploy-ml-lab",
            "name": "metrics",
            "project": "deploy-ml-lab",
            "self_link": "https://sqladmin.googleapis.com/sql/v1beta4/projects/deploy-ml-lab/instances/mlflow-postgres-deploy-ml-lab/databases/metrics",
            "timeouts": null
          },
          "sensitive_attributes": [],
          "identity_schema_version": 1,
          "identity": {
            "instance": "mlflow-postgres-deploy-ml-lab",
            "name": "metrics",
            "project": "deploy-ml-lab"
          },
          "private": "eyJlMmJmYjczMC1lY2FhLTExZTYtOGY4OC0zNDM2M2JjN2M0YzAiOnsiY3JlYXRlIjoxMjAwMDAwMDAwMDAwLCJkZWxldGUiOjEyMDAwMDAwMDAwMDAsInVwZGF0ZSI6MTIwMDAwMDAwMDAwMH19",
          "dependencies": [
            "module.cloud_sql_postgres.google_project_service.required",
            "module.cloud_sql_postgres.google_sql_database_instance.postgres",
            "module.cloud_sql_postgres.null_resource.verify_instance_running",
            "module.cloud_sql_postgres.time_sleep.wait_for_instance"
          ]
        }
      ]
    },
    {
      "module": "module.cloud_sql_postgres",
      "mode": "managed",
      "type": "google_sql_database_instance",
      "name": "postgres",
      "provider": "provider[\"registry.terraform.io/hashicorp/google\"]",
      "instances": [
        {
          "schema_version": 0,
          "attributes": {
            "available_maintenance_versions": [],
            "backupdr_backup": null,
            "clone": [],
            "connection_name": "deploy-ml-lab:us-west1:mlflow-postgres-deploy-ml-lab",
            "database_version": "POSTGRES_14",
            "deletion_protection": false,
            "dns_name": "",
            "dns_names": [],
            "encryption_key_name": null,
            "final_backup_description": null,
            "first_ip_address": "136.118.213.160",
            "id": "mlflow-postgres-deploy-ml-lab",
            "instance_type": "CLOUD_SQL_INSTANCE",
            "ip_address": [
              {
                "ip_address": "136.118.213.160",
                "time_to_retire": "",
                "type": "PRIMARY"
              },
              {
                "ip_address": "34.143.69.3",
                "time_to_retire": "",
                "type": "OUTGOING"
              }
            ],
            "maintenance_version": "POSTGRES_14_22.R20260319.00_02",
            "master_instance_name": "",
            "name": "mlflow-postgres-deploy-ml-lab",
            "node_count": 0,
            "point_in_time_restore_context": [],
            "private_ip_address": "",
            "project": "deploy-ml-lab",
            "psc_service_attachment_link": "",
            "public_ip_address": "136.118.213.160",
            "region": "us-west1",
            "replica_configuration": [],
            "replica_names": [],
            "replication_cluster": [
              {
                "dr_replica": false,
                "failover_dr_replica_name": "",
                "psa_write_endpoint": ""
              }
            ],
            "restore_backup_context": [],
            "root_password": null,
            "root_password_wo": null,
            "root_password_wo_version": null,
            "self_link": "https://sqladmin.googleapis.com/sql/v1beta4/projects/deploy-ml-lab/instances/mlflow-postgres-deploy-ml-lab",
            "server_ca_cert": [
              {
                "cert": "-----BEGIN CERTIFICATE-----\nMIIDcTCCAlmgAwIBAgIBADANBgkqhkiG9w0BAQsFADBwMS0wKwYDVQQuEyQ1MWE5\nOTBmOS1mNGQ4LTQ4ZTgtOWE4OS1iMzQwZjMxMzdmZmMxHDAaBgNVBAMTE0Nsb3Vk\nIFNRTCBTZXJ2ZXIgQ0ExFDASBgNVBAoTC0dvb2dsZSwgSW5jMQswCQYDVQQGEwJV\nUzAeFw0yNjA1MDExNzUwMTRaFw0zNjA0MjgxNzUxMTRaMHAxLTArBgNVBC4TJDUx\nYTk5MGY5LWY0ZDgtNDhlOC05YTg5LWIzNDBmMzEzN2ZmYzEcMBoGA1UEAxMTQ2xv\ndWQgU1FMIFNlcnZlciBDQTEUMBIGA1UEChMLR29vZ2xlLCBJbmMxCzAJBgNVBAYT\nAlVTMIIBIjANBgkqhkiG9w0BAQEFAAOCAQ8AMIIBCgKCAQEA6g+KKDFVMsGEGb60\nGqFApDpt5n1meL/nThVE1SK5GZpErfTKG7piN6QredymSapsUlBZq4U7ZE8TWt5y\nU7spyVjdkGR3w6dRPKt6oXlkRZZfpPbBtW4CjR8vlEwY2zVOjWr5eJFd+yW7RZfS\nkQyWSCD5OGfjzeZ9+M2kyIo04TVIkQN3olECNSrQ5du98QvvNEcsiXXjPYo+ck85\n0idGA23kAPBTiXGtlvqLtCSzD5kZpbwNnoZkRnc+IKYzREQxhUgeTq/A3/EgcAPb\nuwMmZnsUaZwm4IeZFbzeSXD5KNeDh0hEoRnVj1e4wppcVi7Tnmy2yF/wmACup6Kw\nKFXE7QIDAQABoxYwFDASBgNVHRMBAf8ECDAGAQH/AgEAMA0GCSqGSIb3DQEBCwUA\nA4IBAQBvnJv2vAsq17MjlMuM7iAbhfitlsDongrQgLfbdRKJmqwmRbubYcbxTscL\nKTXrDDdNk57Cc4xbhOTub9stAPwMVod4SZKk/9k4FcFEYEYLaPR7i3L/Kp8yWUl9\nfT8jwLXoPpr1JlUtq7jD+rs6fubDh6p2sQuX406GR13Fnn61BAocmSNk4g2ycTRN\nVCtth+/J7QwDuy3ZIc3RSYgDZFl6s+BYtK2gkhvfwcoeyq5krdSDkjrkxBL4FGdK\nmNp7+wmUpPxuqV0V79qQkbb9iMlRW7ma6ZGrVZXNwVgX4wCjFO3WSfZApYjtrCEM\npVixV8E4bwCCyw5qMUmnfndfMTpf\n-----END CERTIFICATE-----",
                "common_name": "C=US,O=Google\\, Inc,CN=Cloud SQL Server CA,dnQualifier=51a990f9-f4d8-48e8-9a89-b340f3137ffc",
                "create_time": "2026-05-01T17:50:14.156Z",
                "expiration_time": "2036-04-28T17:51:14.156Z",
                "sha1_fingerprint": "c31a4833c989518986b978859b9bbc3aeff1187e"
              }
            ],
            "service_account_email_address": "p626687515067-clco2i@gcp-sa-cloud-sql.iam.gserviceaccount.com",
            "settings": [
              {
                "activation_policy": "ALWAYS",
                "active_directory_config": [],
                "advanced_machine_features": [],
                "auto_upgrade_enabled": false,
                "availability_type": "ZONAL",
                "backup_configuration": [
                  {
                    "backup_retention_settings": [
                      {
                        "retained_backups": 7,
                        "retention_unit": "COUNT"
                      }
                    ],
                    "backup_tier": "STANDARD",
                    "binary_log_enabled": false,
                    "enabled": false,
                    "location": "",
                    "point_in_time_recovery_enabled": false,
                    "start_time": "09:00",
                    "transaction_log_retention_days": 7
                  }
                ],
                "collation": "",
                "connection_pool_config": [],
                "connector_enforcement": "NOT_REQUIRED",
                "data_api_access": "",
                "data_cache_config": [
                  {
                    "data_cache_enabled": false
                  }
                ],
                "database_flags": [
                  {
                    "name": "max_connections",
                    "value": "100"
                  }
                ],
                "deletion_protection_enabled": false,
                "deny_maintenance_period": [],
                "disk_autoresize": true,
                "disk_autoresize_limit": 0,
                "disk_size": 10,
                "disk_type": "PD_SSD",
                "edition": "ENTERPRISE",
                "effective_availability_type": "ZONAL",
                "enable_dataplex_integration": false,
                "enable_google_ml_integration": false,
                "entraid_config": [],
                "final_backup_config": [],
                "insights_config": [],
                "ip_configuration": [
                  {
                    "allocated_ip_range": "",
                    "authorized_networks": [
                      {
                        "expiration_time": "",
                        "name": "",
                        "value": "0.0.0.0/0"
                      }
                    ],
                    "custom_subject_alternative_names": null,
                    "enable_private_path_for_google_cloud_services": false,
                    "ipv4_enabled": true,
                    "private_network": "",
                    "psc_config": [],
                    "server_ca_mode": "GOOGLE_MANAGED_INTERNAL_CA",
                    "server_ca_pool": "",
                    "server_certificate_rotation_mode": "SERVER_CERTIFICATE_ROTATION_MODE_UNSPECIFIED",
                    "ssl_mode": "ALLOW_UNENCRYPTED_AND_ENCRYPTED"
                  }
                ],
                "location_preference": [
                  {
                    "follow_gae_application": "",
                    "secondary_zone": "",
                    "zone": "us-west1-b"
                  }
                ],
                "maintenance_window": [],
                "password_validation_policy": [],
                "pricing_plan": "PER_USE",
                "read_pool_auto_scale_config": [
                  {
                    "disable_scale_in": false,
                    "enabled": false,
                    "max_node_count": 0,
                    "min_node_count": 0,
                    "scale_in_cooldown_seconds": 0,
                    "scale_out_cooldown_seconds": 0,
                    "target_metrics": []
                  }
                ],
                "retain_backups_on_delete": false,
                "sql_server_audit_config": [],
                "tier": "db-g1-small",
                "time_zone": "",
                "user_labels": {},
                "version": 1
              }
            ],
            "timeouts": null
          },
          "sensitive_attributes": [
            [
              {
                "type": "get_attr",
                "value": "root_password"
              }
            ],
            [
              {
                "type": "get_attr",
                "value": "server_ca_cert"
              }
            ]
          ],
          "identity_schema_version": 0,
          "private": "eyJlMmJmYjczMC1lY2FhLTExZTYtOGY4OC0zNDM2M2JjN2M0YzAiOnsiY3JlYXRlIjo1NDAwMDAwMDAwMDAwLCJkZWxldGUiOjU0MDAwMDAwMDAwMDAsInVwZGF0ZSI6NTQwMDAwMDAwMDAwMH19",
          "dependencies": [
            "module.cloud_sql_postgres.google_project_service.required"
          ],
          "create_before_destroy": true
        }
      ]
    },
    {
      "module": "module.cloud_sql_postgres",
      "mode": "managed",
      "type": "google_sql_user",
      "name": "users",
      "provider": "provider[\"registry.terraform.io/hashicorp/google\"]",
      "instances": [
        {
          "schema_version": 1,
          "attributes": {
            "database_roles": null,
            "deletion_policy": null,
            "host": "",
            "iam_email": "",
            "id": "mlflow//mlflow-postgres-deploy-ml-lab",
            "instance": "mlflow-postgres-deploy-ml-lab",
            "name": "mlflow",
            "password": "DDU3gRGXuArv_3J_",
            "password_policy": [],
            "password_wo": null,
            "password_wo_version": null,
            "project": "deploy-ml-lab",
            "sql_server_user_details": [],
            "timeouts": null,
            "type": ""
          },
          "sensitive_attributes": [
            [
              {
                "type": "get_attr",
                "value": "password"
              }
            ]
          ],
          "identity_schema_version": 0,
          "private": "eyJlMmJmYjczMC1lY2FhLTExZTYtOGY4OC0zNDM2M2JjN2M0YzAiOnsiY3JlYXRlIjo2MDAwMDAwMDAwMDAsImRlbGV0ZSI6NjAwMDAwMDAwMDAwLCJ1cGRhdGUiOjYwMDAwMDAwMDAwMH0sInNjaGVtYV92ZXJzaW9uIjoiMSJ9",
          "dependencies": [
            "module.cloud_sql_postgres.google_project_service.required",
            "module.cloud_sql_postgres.google_sql_database_instance.postgres",
            "module.cloud_sql_postgres.null_resource.verify_instance_running",
            "module.cloud_sql_postgres.random_password.db_password",
            "module.cloud_sql_postgres.time_sleep.wait_for_instance"
          ],
          "create_before_destroy": true
        }
      ]
    },
    {
      "module": "module.cloud_sql_postgres",
      "mode": "managed",
      "type": "null_resource",
      "name": "verify_instance_running",
      "provider": "provider[\"registry.terraform.io/hashicorp/null\"]",
      "instances": [
        {
          "schema_version": 0,
          "attributes": {
            "id": "8859060010727603423",
            "triggers": {
              "instance_id": "mlflow-postgres-deploy-ml-lab",
              "instance_name": "mlflow-postgres-deploy-ml-lab"
            }
          },
          "sensitive_attributes": [],
          "identity_schema_version": 0,
          "dependencies": [
            "module.cloud_sql_postgres.google_project_service.required",
            "module.cloud_sql_postgres.google_sql_database_instance.postgres",
            "module.cloud_sql_postgres.time_sleep.wait_for_instance"
          ],
          "create_before_destroy": true
        }
      ]
    },
    {
      "module": "module.cloud_sql_postgres",
      "mode": "managed",
      "type": "random_password",
      "name": "db_password",
      "provider": "provider[\"registry.terraform.io/hashicorp/random\"]",
      "instances": [
        {
          "schema_version": 3,
          "attributes": {
            "bcrypt_hash": "$2a$10$fCKp4F3iqdEUkYLzyGDEVe.rcEAM9CphzzgJoCxeo59sbH3BikrHq",
            "id": "none",
            "keepers": null,
            "length": 16,
            "lower": true,
            "min_lower": 0,
            "min_numeric": 0,
            "min_special": 0,
            "min_upper": 0,
            "number": true,
            "numeric": true,
            "override_special": "!*-_.",
            "result": "DDU3gRGXuArv_3J_",
            "special": true,
            "upper": true
          },
          "sensitive_attributes": [
            [
              {
                "type": "get_attr",
                "value": "bcrypt_hash"
              }
            ],
            [
              {
                "type": "get_attr",
                "value": "result"
              }
            ]
          ],
          "identity_schema_version": 0,
          "create_before_destroy": true
        }
      ]
    },
    {
      "module": "module.cloud_sql_postgres",
      "mode": "managed",
      "type": "time_sleep",
      "name": "wait_for_instance",
      "provider": "provider[\"registry.terraform.io/hashicorp/time\"]",
      "instances": [
        {
          "schema_version": 0,
          "attributes": {
            "create_duration": "180s",
            "destroy_duration": null,
            "id": "2026-05-01T17:58:09Z",
            "triggers": null
          },
          "sensitive_attributes": [],
          "identity_schema_version": 0,
          "dependencies": [
            "module.cloud_sql_postgres.google_project_service.required",
            "module.cloud_sql_postgres.google_sql_database_instance.postgres"
          ],
          "create_before_destroy": true
        }
      ]
    },
    {
      "module": "module.experiment_tracking_mlflow[0]",
      "mode": "data",
      "type": "google_project",
      "name": "current",
      "provider": "provider[\"registry.terraform.io/hashicorp/google\"]",
      "instances": [
        {
          "schema_version": 0,
          "attributes": {
            "auto_create_network": null,
            "billing_account": "014261-AF7FB9-F64DDA",
            "deletion_policy": "PREVENT",
            "effective_labels": {},
            "folder_id": null,
            "id": "projects/deploy-ml-lab",
            "labels": {},
            "name": "Deploy-ML-Lab",
            "number": "626687515067",
            "org_id": null,
            "project_id": "deploy-ml-lab",
            "tags": null,
            "terraform_labels": {}
          },
          "sensitive_attributes": [],
          "identity_schema_version": 0
        }
      ]
    },
    {
      "module": "module.experiment_tracking_mlflow[0]",
      "mode": "managed",
      "type": "google_cloud_run_service",
      "name": "mlflow",
      "provider": "provider[\"registry.terraform.io/hashicorp/google\"]",
      "instances": [
        {
          "index_key": 0,
          "schema_version": 2,
          "attributes": {
            "autogenerate_revision_name": true,
            "id": "locations/us-west1/namespaces/deploy-ml-lab/services/mlflow-server",
            "location": "us-west1",
            "metadata": [
              {
                "annotations": {},
                "effective_annotations": {
                  "run.googleapis.com/ingress": "all",
                  "run.googleapis.com/ingress-status": "all",
                  "run.googleapis.com/maxScale": "10",
                  "run.googleapis.com/operation-id": "43e8da86-e5df-4ff4-9fa8-c65b2e335ae7",
                  "run.googleapis.com/urls": "[\"https://mlflow-server-626687515067.us-west1.run.app\",\"https://mlflow-server-k3u4xkonya-uw.a.run.app\"]",
                  "serving.knative.dev/creator": "kyleparkman5@gmail.com",
                  "serving.knative.dev/lastModifier": "kyleparkman5@gmail.com"
                },
                "effective_labels": {
                  "cloud.googleapis.com/location": "us-west1"
                },
                "generation": 1,
                "labels": {},
                "namespace": "deploy-ml-lab",
                "resource_version": "AAZQxVcC77M",
                "self_link": "/apis/serving.knative.dev/v1/namespaces/626687515067/services/mlflow-server",
                "terraform_labels": {},
                "uid": "25370f60-274c-4f8b-be6f-a3564f71e2f7"
              }
            ],
            "name": "mlflow-server",
            "project": "deploy-ml-lab",
            "status": [
              {
                "conditions": [
                  {
                    "message": "",
                    "reason": "",
                    "status": "True",
                    "type": "Ready"
                  },
                  {
                    "message": "",
                    "reason": "",
                    "status": "True",
                    "type": "ConfigurationsReady"
                  },
                  {
                    "message": "",
                    "reason": "",
                    "status": "True",
                    "type": "RoutesReady"
                  }
                ],
                "latest_created_revision_name": "mlflow-server-00001-6r5",
                "latest_ready_revision_name": "mlflow-server-00001-6r5",
                "observed_generation": 1,
                "traffic": [
                  {
                    "latest_revision": true,
                    "percent": 100,
                    "revision_name": "mlflow-server-00001-6r5",
                    "tag": "",
                    "url": ""
                  }
                ],
                "url": "https://mlflow-server-k3u4xkonya-uw.a.run.app"
              }
            ],
            "template": [
              {
                "metadata": [
                  {
                    "annotations": {
                      "autoscaling.knative.dev/maxScale": "10",
                      "run.googleapis.com/cloudsql-instances": "deploy-ml-lab:us-west1:mlflow-postgres-deploy-ml-lab",
                      "run.googleapis.com/cpu-throttling": "false"
                    },
                    "generation": 0,
                    "labels": {
                      "run.googleapis.com/startupProbeType": "Default"
                    },
                    "name": "",
                    "namespace": "",
                    "resource_version": "",
                    "self_link": "",
                    "uid": ""
                  }
                ],
                "spec": [
                  {
                    "container_concurrency": 80,
                    "containers": [
                      {
                        "args": null,
                        "command": null,
                        "env": [
                          {
                            "name": "MLFLOW_BACKEND_STORE_URI",
                            "value": "postgresql+psycopg2://mlflow:DDU3gRGXuArv_3J_@136.118.213.160:5432/mlflow",
                            "value_from": []
                          },
                          {
                            "name": "MLFLOW_DEFAULT_ARTIFACT_ROOT",
                            "value": "gs://mlflow-artifacts-deploy-ml-lab",
                            "value_from": []
                          },
                          {
                            "name": "MLFLOW_SERVER_ALLOWED_HOSTS",
                            "value": "*",
                            "value_from": []
                          },
                          {
                            "name": "MLFLOW_SERVER_DISABLE_SECURITY_MIDDLEWARE",
                            "value": "true",
                            "value_from": []
                          },
                          {
                            "name": "MLFLOW_SERVER_HOST",
                            "value": "0.0.0.0",
                            "value_from": []
                          },
                          {
                            "name": "MLFLOW_SERVER_PORT",
                            "value": "8080",
                            "value_from": []
                          }
                        ],
                        "env_from": [],
                        "image": "us-west1-docker.pkg.dev/deploy-ml-lab/mlops-images/mlflow:latest",
                        "liveness_probe": [],
                        "name": "",
                        "ports": [
                          {
                            "container_port": 8080,
                            "name": "http1",
                            "protocol": ""
                          }
                        ],
                        "readiness_probe": [],
                        "resources": [
                          {
                            "limits": {
                              "cpu": "2000m",
                              "memory": "2Gi"
                            },
                            "requests": {
                              "cpu": "1000m",
                              "memory": "1Gi"
                            }
                          }
                        ],
                        "startup_probe": [
                          {
                            "failure_threshold": 1,
                            "grpc": [],
                            "http_get": [],
                            "initial_delay_seconds": 0,
                            "period_seconds": 240,
                            "tcp_socket": [
                              {
                                "port": 8080
                              }
                            ],
                            "timeout_seconds": 240
                          }
                        ],
                        "volume_mounts": [],
                        "working_dir": ""
                      }
                    ],
                    "node_selector": null,
                    "service_account_name": "626687515067-compute@developer.gserviceaccount.com",
                    "serving_state": "",
                    "timeout_seconds": 300,
                    "volumes": []
                  }
                ]
              }
            ],
            "timeouts": null,
            "traffic": [
              {
                "latest_revision": true,
                "percent": 100,
                "revision_name": "",
                "tag": "",
                "url": ""
              }
            ]
          },
          "sensitive_attributes": [
            [
              {
                "type": "get_attr",
                "value": "template"
              },
              {
                "type": "index",
                "value": {
                  "value": 0,
                  "type": "number"
                }
              },
              {
                "type": "get_attr",
                "value": "spec"
              },
              {
                "type": "index",
                "value": {
                  "value": 0,
                  "type": "number"
                }
              },
              {
                "type": "get_attr",
                "value": "containers"
              },
              {
                "type": "index",
                "value": {
                  "value": 0,
                  "type": "number"
                }
              },
              {
                "type": "get_attr",
                "value": "env"
              }
            ]
          ],
          "identity_schema_version": 1,
          "identity": {
            "location": "us-west1",
            "name": "mlflow-server",
            "project": "deploy-ml-lab"
          },
          "private": "eyJlMmJmYjczMC1lY2FhLTExZTYtOGY4OC0zNDM2M2JjN2M0YzAiOnsiY3JlYXRlIjoxMjAwMDAwMDAwMDAwLCJkZWxldGUiOjEyMDAwMDAwMDAwMDAsInVwZGF0ZSI6MTIwMDAwMDAwMDAwMH0sInNjaGVtYV92ZXJzaW9uIjoiMiJ9",
          "dependencies": [
            "module.cloud_sql_postgres.google_project_service.required",
            "module.cloud_sql_postgres.google_sql_database.db",
            "module.cloud_sql_postgres.google_sql_database.feast_db",
            "module.cloud_sql_postgres.google_sql_database.metrics_db",
            "module.cloud_sql_postgres.google_sql_database_instance.postgres",
            "module.cloud_sql_postgres.google_sql_user.users",
            "module.cloud_sql_postgres.null_resource.verify_instance_running",
            "module.cloud_sql_postgres.random_password.db_password",
            "module.cloud_sql_postgres.time_sleep.wait_for_instance",
            "module.experiment_tracking_mlflow.google_project_service.required"
          ]
        }
      ]
    },
    {
      "module": "module.experiment_tracking_mlflow[0]",
      "mode": "managed",
      "type": "google_cloud_run_service_iam_member",
      "name": "public",
      "provider": "provider[\"registry.terraform.io/hashicorp/google\"]",
      "instances": [
        {
          "index_key": 0,
          "schema_version": 0,
          "attributes": {
            "condition": [],
            "etag": "BwZQxVeOHlk=",
            "id": "v1/projects/deploy-ml-lab/locations/us-west1/services/mlflow-server/roles/run.invoker/allUsers",
            "location": "us-west1",
            "member": "allUsers",
            "project": "deploy-ml-lab",
            "role": "roles/run.invoker",
            "service": "v1/projects/deploy-ml-lab/locations/us-west1/services/mlflow-server"
          },
          "sensitive_attributes": [],
          "identity_schema_version": 0,
          "private": "bnVsbA==",
          "dependencies": [
            "module.cloud_sql_postgres.google_project_service.required",
            "module.cloud_sql_postgres.google_sql_database.db",
            "module.cloud_sql_postgres.google_sql_database.feast_db",
            "module.cloud_sql_postgres.google_sql_database.metrics_db",
            "module.cloud_sql_postgres.google_sql_database_instance.postgres",
            "module.cloud_sql_postgres.google_sql_user.users",
            "module.cloud_sql_postgres.null_resource.verify_instance_running",
            "module.cloud_sql_postgres.random_password.db_password",
            "module.cloud_sql_postgres.time_sleep.wait_for_instance",
            "module.experiment_tracking_mlflow.google_cloud_run_service.mlflow",
            "module.experiment_tracking_mlflow.google_project_service.required"
          ]
        }
      ]
    },
    {
      "module": "module.experiment_tracking_mlflow[0]",
      "mode": "managed",
      "type": "google_project_service",
      "name": "required",
      "provider": "provider[\"registry.terraform.io/hashicorp/google\"]",
      "instances": [
        {
          "index_key": "cloudkms.googleapis.com",
          "schema_version": 0,
          "attributes": {
            "disable_dependent_services": null,
            "disable_on_destroy": false,
            "id": "deploy-ml-lab/cloudkms.googleapis.com",
            "project": "deploy-ml-lab",
            "service": "cloudkms.googleapis.com",
            "timeouts": null
          },
          "sensitive_attributes": [],
          "identity_schema_version": 0,
          "private": "eyJlMmJmYjczMC1lY2FhLTExZTYtOGY4OC0zNDM2M2JjN2M0YzAiOnsiY3JlYXRlIjoxMjAwMDAwMDAwMDAwLCJkZWxldGUiOjEyMDAwMDAwMDAwMDAsInJlYWQiOjYwMDAwMDAwMDAwMCwidXBkYXRlIjoxMjAwMDAwMDAwMDAwfX0=",
          "dependencies": [
            "module.cloud_sql_postgres.google_project_service.required",
            "module.cloud_sql_postgres.google_sql_database.db",
            "module.cloud_sql_postgres.google_sql_database.feast_db",
            "module.cloud_sql_postgres.google_sql_database.metrics_db",
            "module.cloud_sql_postgres.google_sql_database_instance.postgres",
            "module.cloud_sql_postgres.google_sql_user.users",
            "module.cloud_sql_postgres.null_resource.verify_instance_running",
            "module.cloud_sql_postgres.random_password.db_password",
            "module.cloud_sql_postgres.time_sleep.wait_for_instance"
          ]
        },
        {
          "index_key": "cloudresourcemanager.googleapis.com",
          "schema_version": 0,
          "attributes": {
            "disable_dependent_services": null,
            "disable_on_destroy": false,
            "id": "deploy-ml-lab/cloudresourcemanager.googleapis.com",
            "project": "deploy-ml-lab",
            "service": "cloudresourcemanager.googleapis.com",
            "timeouts": null
          },
          "sensitive_attributes": [],
          "identity_schema_version": 0,
          "private": "eyJlMmJmYjczMC1lY2FhLTExZTYtOGY4OC0zNDM2M2JjN2M0YzAiOnsiY3JlYXRlIjoxMjAwMDAwMDAwMDAwLCJkZWxldGUiOjEyMDAwMDAwMDAwMDAsInJlYWQiOjYwMDAwMDAwMDAwMCwidXBkYXRlIjoxMjAwMDAwMDAwMDAwfX0=",
          "dependencies": [
            "module.cloud_sql_postgres.google_project_service.required",
            "module.cloud_sql_postgres.google_sql_database.db",
            "module.cloud_sql_postgres.google_sql_database.feast_db",
            "module.cloud_sql_postgres.google_sql_database.metrics_db",
            "module.cloud_sql_postgres.google_sql_database_instance.postgres",
            "module.cloud_sql_postgres.google_sql_user.users",
            "module.cloud_sql_postgres.null_resource.verify_instance_running",
            "module.cloud_sql_postgres.random_password.db_password",
            "module.cloud_sql_postgres.time_sleep.wait_for_instance"
          ]
        },
        {
          "index_key": "compute.googleapis.com",
          "schema_version": 0,
          "attributes": {
            "disable_dependent_services": null,
            "disable_on_destroy": false,
            "id": "deploy-ml-lab/compute.googleapis.com",
            "project": "deploy-ml-lab",
            "service": "compute.googleapis.com",
            "timeouts": null
          },
          "sensitive_attributes": [],
          "identity_schema_version": 0,
          "private": "eyJlMmJmYjczMC1lY2FhLTExZTYtOGY4OC0zNDM2M2JjN2M0YzAiOnsiY3JlYXRlIjoxMjAwMDAwMDAwMDAwLCJkZWxldGUiOjEyMDAwMDAwMDAwMDAsInJlYWQiOjYwMDAwMDAwMDAwMCwidXBkYXRlIjoxMjAwMDAwMDAwMDAwfX0=",
          "dependencies": [
            "module.cloud_sql_postgres.google_project_service.required",
            "module.cloud_sql_postgres.google_sql_database.db",
            "module.cloud_sql_postgres.google_sql_database.feast_db",
            "module.cloud_sql_postgres.google_sql_database.metrics_db",
            "module.cloud_sql_postgres.google_sql_database_instance.postgres",
            "module.cloud_sql_postgres.google_sql_user.users",
            "module.cloud_sql_postgres.null_resource.verify_instance_running",
            "module.cloud_sql_postgres.random_password.db_password",
            "module.cloud_sql_postgres.time_sleep.wait_for_instance"
          ]
        },
        {
          "index_key": "iam.googleapis.com",
          "schema_version": 0,
          "attributes": {
            "disable_dependent_services": null,
            "disable_on_destroy": false,
            "id": "deploy-ml-lab/iam.googleapis.com",
            "project": "deploy-ml-lab",
            "service": "iam.googleapis.com",
            "timeouts": null
          },
          "sensitive_attributes": [],
          "identity_schema_version": 0,
          "private": "eyJlMmJmYjczMC1lY2FhLTExZTYtOGY4OC0zNDM2M2JjN2M0YzAiOnsiY3JlYXRlIjoxMjAwMDAwMDAwMDAwLCJkZWxldGUiOjEyMDAwMDAwMDAwMDAsInJlYWQiOjYwMDAwMDAwMDAwMCwidXBkYXRlIjoxMjAwMDAwMDAwMDAwfX0=",
          "dependencies": [
            "module.cloud_sql_postgres.google_project_service.required",
            "module.cloud_sql_postgres.google_sql_database.db",
            "module.cloud_sql_postgres.google_sql_database.feast_db",
            "module.cloud_sql_postgres.google_sql_database.metrics_db",
            "module.cloud_sql_postgres.google_sql_database_instance.postgres",
            "module.cloud_sql_postgres.google_sql_user.users",
            "module.cloud_sql_postgres.null_resource.verify_instance_running",
            "module.cloud_sql_postgres.random_password.db_password",
            "module.cloud_sql_postgres.time_sleep.wait_for_instance"
          ]
        },
        {
          "index_key": "logging.googleapis.com",
          "schema_version": 0,
          "attributes": {
            "disable_dependent_services": null,
            "disable_on_destroy": false,
            "id": "deploy-ml-lab/logging.googleapis.com",
            "project": "deploy-ml-lab",
            "service": "logging.googleapis.com",
            "timeouts": null
          },
          "sensitive_attributes": [],
          "identity_schema_version": 0,
          "private": "eyJlMmJmYjczMC1lY2FhLTExZTYtOGY4OC0zNDM2M2JjN2M0YzAiOnsiY3JlYXRlIjoxMjAwMDAwMDAwMDAwLCJkZWxldGUiOjEyMDAwMDAwMDAwMDAsInJlYWQiOjYwMDAwMDAwMDAwMCwidXBkYXRlIjoxMjAwMDAwMDAwMDAwfX0=",
          "dependencies": [
            "module.cloud_sql_postgres.google_project_service.required",
            "module.cloud_sql_postgres.google_sql_database.db",
            "module.cloud_sql_postgres.google_sql_database.feast_db",
            "module.cloud_sql_postgres.google_sql_database.metrics_db",
            "module.cloud_sql_postgres.google_sql_database_instance.postgres",
            "module.cloud_sql_postgres.google_sql_user.users",
            "module.cloud_sql_postgres.null_resource.verify_instance_running",
            "module.cloud_sql_postgres.random_password.db_password",
            "module.cloud_sql_postgres.time_sleep.wait_for_instance"
          ]
        },
        {
          "index_key": "monitoring.googleapis.com",
          "schema_version": 0,
          "attributes": {
            "disable_dependent_services": null,
            "disable_on_destroy": false,
            "id": "deploy-ml-lab/monitoring.googleapis.com",
            "project": "deploy-ml-lab",
            "service": "monitoring.googleapis.com",
            "timeouts": null
          },
          "sensitive_attributes": [],
          "identity_schema_version": 0,
          "private": "eyJlMmJmYjczMC1lY2FhLTExZTYtOGY4OC0zNDM2M2JjN2M0YzAiOnsiY3JlYXRlIjoxMjAwMDAwMDAwMDAwLCJkZWxldGUiOjEyMDAwMDAwMDAwMDAsInJlYWQiOjYwMDAwMDAwMDAwMCwidXBkYXRlIjoxMjAwMDAwMDAwMDAwfX0=",
          "dependencies": [
            "module.cloud_sql_postgres.google_project_service.required",
            "module.cloud_sql_postgres.google_sql_database.db",
            "module.cloud_sql_postgres.google_sql_database.feast_db",
            "module.cloud_sql_postgres.google_sql_database.metrics_db",
            "module.cloud_sql_postgres.google_sql_database_instance.postgres",
            "module.cloud_sql_postgres.google_sql_user.users",
            "module.cloud_sql_postgres.null_resource.verify_instance_running",
            "module.cloud_sql_postgres.random_password.db_password",
            "module.cloud_sql_postgres.time_sleep.wait_for_instance"
          ]
        },
        {
          "index_key": "run.googleapis.com",
          "schema_version": 0,
          "attributes": {
            "disable_dependent_services": null,
            "disable_on_destroy": false,
            "id": "deploy-ml-lab/run.googleapis.com",
            "project": "deploy-ml-lab",
            "service": "run.googleapis.com",
            "timeouts": null
          },
          "sensitive_attributes": [],
          "identity_schema_version": 0,
          "private": "eyJlMmJmYjczMC1lY2FhLTExZTYtOGY4OC0zNDM2M2JjN2M0YzAiOnsiY3JlYXRlIjoxMjAwMDAwMDAwMDAwLCJkZWxldGUiOjEyMDAwMDAwMDAwMDAsInJlYWQiOjYwMDAwMDAwMDAwMCwidXBkYXRlIjoxMjAwMDAwMDAwMDAwfX0=",
          "dependencies": [
            "module.cloud_sql_postgres.google_project_service.required",
            "module.cloud_sql_postgres.google_sql_database.db",
            "module.cloud_sql_postgres.google_sql_database.feast_db",
            "module.cloud_sql_postgres.google_sql_database.metrics_db",
            "module.cloud_sql_postgres.google_sql_database_instance.postgres",
            "module.cloud_sql_postgres.google_sql_user.users",
            "module.cloud_sql_postgres.null_resource.verify_instance_running",
            "module.cloud_sql_postgres.random_password.db_password",
            "module.cloud_sql_postgres.time_sleep.wait_for_instance"
          ]
        },
        {
          "index_key": "servicenetworking.googleapis.com",
          "schema_version": 0,
          "attributes": {
            "disable_dependent_services": null,
            "disable_on_destroy": false,
            "id": "deploy-ml-lab/servicenetworking.googleapis.com",
            "project": "deploy-ml-lab",
            "service": "servicenetworking.googleapis.com",
            "timeouts": null
          },
          "sensitive_attributes": [],
          "identity_schema_version": 0,
          "private": "eyJlMmJmYjczMC1lY2FhLTExZTYtOGY4OC0zNDM2M2JjN2M0YzAiOnsiY3JlYXRlIjoxMjAwMDAwMDAwMDAwLCJkZWxldGUiOjEyMDAwMDAwMDAwMDAsInJlYWQiOjYwMDAwMDAwMDAwMCwidXBkYXRlIjoxMjAwMDAwMDAwMDAwfX0=",
          "dependencies": [
            "module.cloud_sql_postgres.google_project_service.required",
            "module.cloud_sql_postgres.google_sql_database.db",
            "module.cloud_sql_postgres.google_sql_database.feast_db",
            "module.cloud_sql_postgres.google_sql_database.metrics_db",
            "module.cloud_sql_postgres.google_sql_database_instance.postgres",
            "module.cloud_sql_postgres.google_sql_user.users",
            "module.cloud_sql_postgres.null_resource.verify_instance_running",
            "module.cloud_sql_postgres.random_password.db_password",
            "module.cloud_sql_postgres.time_sleep.wait_for_instance"
          ]
        },
        {
          "index_key": "serviceusage.googleapis.com",
          "schema_version": 0,
          "attributes": {
            "disable_dependent_services": null,
            "disable_on_destroy": false,
            "id": "deploy-ml-lab/serviceusage.googleapis.com",
            "project": "deploy-ml-lab",
            "service": "serviceusage.googleapis.com",
            "timeouts": null
          },
          "sensitive_attributes": [],
          "identity_schema_version": 0,
          "private": "eyJlMmJmYjczMC1lY2FhLTExZTYtOGY4OC0zNDM2M2JjN2M0YzAiOnsiY3JlYXRlIjoxMjAwMDAwMDAwMDAwLCJkZWxldGUiOjEyMDAwMDAwMDAwMDAsInJlYWQiOjYwMDAwMDAwMDAwMCwidXBkYXRlIjoxMjAwMDAwMDAwMDAwfX0=",
          "dependencies": [
            "module.cloud_sql_postgres.google_project_service.required",
            "module.cloud_sql_postgres.google_sql_database.db",
            "module.cloud_sql_postgres.google_sql_database.feast_db",
            "module.cloud_sql_postgres.google_sql_database.metrics_db",
            "module.cloud_sql_postgres.google_sql_database_instance.postgres",
            "module.cloud_sql_postgres.google_sql_user.users",
            "module.cloud_sql_postgres.null_resource.verify_instance_running",
            "module.cloud_sql_postgres.random_password.db_password",
            "module.cloud_sql_postgres.time_sleep.wait_for_instance"
          ]
        },
        {
          "index_key": "sql-component.googleapis.com",
          "schema_version": 0,
          "attributes": {
            "disable_dependent_services": null,
            "disable_on_destroy": false,
            "id": "deploy-ml-lab/sql-component.googleapis.com",
            "project": "deploy-ml-lab",
            "service": "sql-component.googleapis.com",
            "timeouts": null
          },
          "sensitive_attributes": [],
          "identity_schema_version": 0,
          "private": "eyJlMmJmYjczMC1lY2FhLTExZTYtOGY4OC0zNDM2M2JjN2M0YzAiOnsiY3JlYXRlIjoxMjAwMDAwMDAwMDAwLCJkZWxldGUiOjEyMDAwMDAwMDAwMDAsInJlYWQiOjYwMDAwMDAwMDAwMCwidXBkYXRlIjoxMjAwMDAwMDAwMDAwfX0=",
          "dependencies": [
            "module.cloud_sql_postgres.google_project_service.required",
            "module.cloud_sql_postgres.google_sql_database.db",
            "module.cloud_sql_postgres.google_sql_database.feast_db",
            "module.cloud_sql_postgres.google_sql_database.metrics_db",
            "module.cloud_sql_postgres.google_sql_database_instance.postgres",
            "module.cloud_sql_postgres.google_sql_user.users",
            "module.cloud_sql_postgres.null_resource.verify_instance_running",
            "module.cloud_sql_postgres.random_password.db_password",
            "module.cloud_sql_postgres.time_sleep.wait_for_instance"
          ]
        },
        {
          "index_key": "sqladmin.googleapis.com",
          "schema_version": 0,
          "attributes": {
            "disable_dependent_services": null,
            "disable_on_destroy": false,
            "id": "deploy-ml-lab/sqladmin.googleapis.com",
            "project": "deploy-ml-lab",
            "service": "sqladmin.googleapis.com",
            "timeouts": null
          },
          "sensitive_attributes": [],
          "identity_schema_version": 0,
          "private": "eyJlMmJmYjczMC1lY2FhLTExZTYtOGY4OC0zNDM2M2JjN2M0YzAiOnsiY3JlYXRlIjoxMjAwMDAwMDAwMDAwLCJkZWxldGUiOjEyMDAwMDAwMDAwMDAsInJlYWQiOjYwMDAwMDAwMDAwMCwidXBkYXRlIjoxMjAwMDAwMDAwMDAwfX0=",
          "dependencies": [
            "module.cloud_sql_postgres.google_project_service.required",
            "module.cloud_sql_postgres.google_sql_database.db",
            "module.cloud_sql_postgres.google_sql_database.feast_db",
            "module.cloud_sql_postgres.google_sql_database.metrics_db",
            "module.cloud_sql_postgres.google_sql_database_instance.postgres",
            "module.cloud_sql_postgres.google_sql_user.users",
            "module.cloud_sql_postgres.null_resource.verify_instance_running",
            "module.cloud_sql_postgres.random_password.db_password",
            "module.cloud_sql_postgres.time_sleep.wait_for_instance"
          ]
        },
        {
          "index_key": "storage-api.googleapis.com",
          "schema_version": 0,
          "attributes": {
            "disable_dependent_services": null,
            "disable_on_destroy": false,
            "id": "deploy-ml-lab/storage-api.googleapis.com",
            "project": "deploy-ml-lab",
            "service": "storage-api.googleapis.com",
            "timeouts": null
          },
          "sensitive_attributes": [],
          "identity_schema_version": 0,
          "private": "eyJlMmJmYjczMC1lY2FhLTExZTYtOGY4OC0zNDM2M2JjN2M0YzAiOnsiY3JlYXRlIjoxMjAwMDAwMDAwMDAwLCJkZWxldGUiOjEyMDAwMDAwMDAwMDAsInJlYWQiOjYwMDAwMDAwMDAwMCwidXBkYXRlIjoxMjAwMDAwMDAwMDAwfX0=",
          "dependencies": [
            "module.cloud_sql_postgres.google_project_service.required",
            "module.cloud_sql_postgres.google_sql_database.db",
            "module.cloud_sql_postgres.google_sql_database.feast_db",
            "module.cloud_sql_postgres.google_sql_database.metrics_db",
            "module.cloud_sql_postgres.google_sql_database_instance.postgres",
            "module.cloud_sql_postgres.google_sql_user.users",
            "module.cloud_sql_postgres.null_resource.verify_instance_running",
            "module.cloud_sql_postgres.random_password.db_password",
            "module.cloud_sql_postgres.time_sleep.wait_for_instance"
          ]
        },
        {
          "index_key": "storage-component.googleapis.com",
          "schema_version": 0,
          "attributes": {
            "disable_dependent_services": null,
            "disable_on_destroy": false,
            "id": "deploy-ml-lab/storage-component.googleapis.com",
            "project": "deploy-ml-lab",
            "service": "storage-component.googleapis.com",
            "timeouts": null
          },
          "sensitive_attributes": [],
          "identity_schema_version": 0,
          "private": "eyJlMmJmYjczMC1lY2FhLTExZTYtOGY4OC0zNDM2M2JjN2M0YzAiOnsiY3JlYXRlIjoxMjAwMDAwMDAwMDAwLCJkZWxldGUiOjEyMDAwMDAwMDAwMDAsInJlYWQiOjYwMDAwMDAwMDAwMCwidXBkYXRlIjoxMjAwMDAwMDAwMDAwfX0=",
          "dependencies": [
            "module.cloud_sql_postgres.google_project_service.required",
            "module.cloud_sql_postgres.google_sql_database.db",
            "module.cloud_sql_postgres.google_sql_database.feast_db",
            "module.cloud_sql_postgres.google_sql_database.metrics_db",
            "module.cloud_sql_postgres.google_sql_database_instance.postgres",
            "module.cloud_sql_postgres.google_sql_user.users",
            "module.cloud_sql_postgres.null_resource.verify_instance_running",
            "module.cloud_sql_postgres.random_password.db_password",
            "module.cloud_sql_postgres.time_sleep.wait_for_instance"
          ]
        }
      ]
    },
    {
      "module": "module.model_monitoring_grafana[0]",
      "mode": "data",
      "type": "google_project",
      "name": "current",
      "provider": "provider[\"registry.terraform.io/hashicorp/google\"]",
      "instances": [
        {
          "schema_version": 0,
          "attributes": {
            "auto_create_network": null,
            "billing_account": "014261-AF7FB9-F64DDA",
            "deletion_policy": "PREVENT",
            "effective_labels": {},
            "folder_id": null,
            "id": "projects/deploy-ml-lab",
            "labels": {},
            "name": "Deploy-ML-Lab",
            "number": "626687515067",
            "org_id": null,
            "project_id": "deploy-ml-lab",
            "tags": null,
            "terraform_labels": {}
          },
          "sensitive_attributes": [],
          "identity_schema_version": 0
        }
      ]
    },
    {
      "module": "module.model_monitoring_grafana[0]",
      "mode": "managed",
      "type": "google_cloud_run_service",
      "name": "grafana",
      "provider": "provider[\"registry.terraform.io/hashicorp/google\"]",
      "instances": [
        {
          "schema_version": 2,
          "attributes": {
            "autogenerate_revision_name": false,
            "id": "locations/us-west1/namespaces/deploy-ml-lab/services/grafana-server",
            "location": "us-west1",
            "metadata": [
              {
                "annotations": {},
                "effective_annotations": {
                  "run.googleapis.com/ingress": "all",
                  "run.googleapis.com/ingress-status": "all",
                  "run.googleapis.com/maxScale": "3",
                  "run.googleapis.com/operation-id": "a89c62ee-74a0-4c0a-a204-aef4f8f67c85",
                  "run.googleapis.com/urls": "[\"https://grafana-server-626687515067.us-west1.run.app\",\"https://grafana-server-k3u4xkonya-uw.a.run.app\"]",
                  "serving.knative.dev/creator": "kyleparkman5@gmail.com",
                  "serving.knative.dev/lastModifier": "kyleparkman5@gmail.com"
                },
                "effective_labels": {
                  "cloud.googleapis.com/location": "us-west1"
                },
                "generation": 1,
                "labels": {},
                "namespace": "deploy-ml-lab",
                "resource_version": "AAZQxVSrIwY",
                "self_link": "/apis/serving.knative.dev/v1/namespaces/626687515067/services/grafana-server",
                "terraform_labels": {},
                "uid": "8a70b737-d999-4fe2-8985-8ff7d49616d6"
              }
            ],
            "name": "grafana-server",
            "project": "deploy-ml-lab",
            "status": [
              {
                "conditions": [
                  {
                    "message": "",
                    "reason": "",
                    "status": "True",
                    "type": "Ready"
                  },
                  {
                    "message": "",
                    "reason": "",
                    "status": "True",
                    "type": "ConfigurationsReady"
                  },
                  {
                    "message": "",
                    "reason": "",
                    "status": "True",
                    "type": "RoutesReady"
                  }
                ],
                "latest_created_revision_name": "grafana-server-00001-xvb",
                "latest_ready_revision_name": "grafana-server-00001-xvb",
                "observed_generation": 1,
                "traffic": [
                  {
                    "latest_revision": true,
                    "percent": 100,
                    "revision_name": "grafana-server-00001-xvb",
                    "tag": "",
                    "url": ""
                  }
                ],
                "url": "https://grafana-server-k3u4xkonya-uw.a.run.app"
              }
            ],
            "template": [
              {
                "metadata": [
                  {
                    "annotations": {
                      "run.googleapis.com/cloudsql-instances": "deploy-ml-lab:us-west1:mlflow-postgres-deploy-ml-lab"
                    },
                    "generation": 0,
                    "labels": {
                      "run.googleapis.com/startupProbeType": "Default"
                    },
                    "name": "",
                    "namespace": "",
                    "resource_version": "",
                    "self_link": "",
                    "uid": ""
                  }
                ],
                "spec": [
                  {
                    "container_concurrency": 160,
                    "containers": [
                      {
                        "args": null,
                        "command": null,
                        "env": [
                          {
                            "name": "GF_DATABASE_TYPE",
                            "value": "postgres",
                            "value_from": []
                          },
                          {
                            "name": "GF_DATABASE_URL",
                            "value": "postgres://mlflow:DDU3gRGXuArv_3J_@/metrics?host=/cloudsql/deploy-ml-lab:us-west1:mlflow-postgres-deploy-ml-lab\u0026sslmode=disable",
                            "value_from": []
                          },
                          {
                            "name": "GF_SERVER_HTTP_PORT",
                            "value": "8080",
                            "value_from": []
                          }
                        ],
                        "env_from": [],
                        "image": "us-west1-docker.pkg.dev/deploy-ml-lab/mlops-images/grafana-container:latest",
                        "liveness_probe": [],
                        "name": "",
                        "ports": [
                          {
                            "container_port": 8080,
                            "name": "http1",
                            "protocol": ""
                          }
                        ],
                        "readiness_probe": [],
                        "resources": [
                          {
                            "limits": {
                              "cpu": "2000m",
                              "memory": "2Gi"
                            },
                            "requests": null
                          }
                        ],
                        "startup_probe": [
                          {
                            "failure_threshold": 1,
                            "grpc": [],
                            "http_get": [],
                            "initial_delay_seconds": 0,
                            "period_seconds": 240,
                            "tcp_socket": [
                              {
                                "port": 8080
                              }
                            ],
                            "timeout_seconds": 240
                          }
                        ],
                        "volume_mounts": [],
                        "working_dir": ""
                      }
                    ],
                    "node_selector": null,
                    "service_account_name": "626687515067-compute@developer.gserviceaccount.com",
                    "serving_state": "",
                    "timeout_seconds": 300,
                    "volumes": []
                  }
                ]
              }
            ],
            "timeouts": null,
            "traffic": [
              {
                "latest_revision": true,
                "percent": 100,
                "revision_name": "",
                "tag": "",
                "url": ""
              }
            ]
          },
          "sensitive_attributes": [
            [
              {
                "type": "get_attr",
                "value": "template"
              },
              {
                "type": "index",
                "value": {
                  "value": 0,
                  "type": "number"
                }
              },
              {
                "type": "get_attr",
                "value": "spec"
              },
              {
                "type": "index",
                "value": {
                  "value": 0,
                  "type": "number"
                }
              },
              {
                "type": "get_attr",
                "value": "containers"
              },
              {
                "type": "index",
                "value": {
                  "value": 0,
                  "type": "number"
                }
              },
              {
                "type": "get_attr",
                "value": "env"
              }
            ]
          ],
          "identity_schema_version": 1,
          "identity": {
            "location": "us-west1",
            "name": "grafana-server",
            "project": "deploy-ml-lab"
          },
          "private": "eyJlMmJmYjczMC1lY2FhLTExZTYtOGY4OC0zNDM2M2JjN2M0YzAiOnsiY3JlYXRlIjoxMjAwMDAwMDAwMDAwLCJkZWxldGUiOjEyMDAwMDAwMDAwMDAsInVwZGF0ZSI6MTIwMDAwMDAwMDAwMH0sInNjaGVtYV92ZXJzaW9uIjoiMiJ9",
          "dependencies": [
            "module.cloud_sql_postgres.google_project_service.required",
            "module.cloud_sql_postgres.google_sql_database.db",
            "module.cloud_sql_postgres.google_sql_database.feast_db",
            "module.cloud_sql_postgres.google_sql_database.metrics_db",
            "module.cloud_sql_postgres.google_sql_database_instance.postgres",
            "module.cloud_sql_postgres.google_sql_user.users",
            "module.cloud_sql_postgres.null_resource.verify_instance_running",
            "module.cloud_sql_postgres.random_password.db_password",
            "module.cloud_sql_postgres.time_sleep.wait_for_instance",
            "module.model_monitoring_grafana.data.google_project.current"
          ]
        }
      ]
    },
    {
      "module": "module.model_monitoring_grafana[0]",
      "mode": "managed",
      "type": "google_cloud_run_service_iam_member",
      "name": "public",
      "provider": "provider[\"registry.terraform.io/hashicorp/google\"]",
      "instances": [
        {
          "index_key": 0,
          "schema_version": 0,
          "attributes": {
            "condition": [],
            "etag": "BwZQxVUnKNo=",
            "id": "v1/projects/deploy-ml-lab/locations/us-west1/services/grafana-server/roles/run.invoker/allUsers",
            "location": "us-west1",
            "member": "allUsers",
            "project": "deploy-ml-lab",
            "role": "roles/run.invoker",
            "service": "v1/projects/deploy-ml-lab/locations/us-west1/services/grafana-server"
          },
          "sensitive_attributes": [],
          "identity_schema_version": 0,
          "private": "bnVsbA==",
          "dependencies": [
            "module.cloud_sql_postgres.google_project_service.required",
            "module.cloud_sql_postgres.google_sql_database.db",
            "module.cloud_sql_postgres.google_sql_database.feast_db",
            "module.cloud_sql_postgres.google_sql_database.metrics_db",
            "module.cloud_sql_postgres.google_sql_database_instance.postgres",
            "module.cloud_sql_postgres.google_sql_user.users",
            "module.cloud_sql_postgres.null_resource.verify_instance_running",
            "module.cloud_sql_postgres.random_password.db_password",
            "module.cloud_sql_postgres.time_sleep.wait_for_instance",
            "module.model_monitoring_grafana.data.google_project.current",
            "module.model_monitoring_grafana.google_cloud_run_service.grafana"
          ]
        }
      ]
    },
    {
      "module": "module.model_monitoring_grafana[0]",
      "mode": "managed",
      "type": "google_project_iam_member",
      "name": "grafana_cloudsql_client",
      "provider": "provider[\"registry.terraform.io/hashicorp/google\"]",
      "instances": [
        {
          "schema_version": 0,
          "attributes": {
            "condition": [],
            "etag": "BwZQxVPBjJA=",
            "id": "deploy-ml-lab/roles/cloudsql.client/serviceAccount:626687515067-compute@developer.gserviceaccount.com",
            "member": "serviceAccount:626687515067-compute@developer.gserviceaccount.com",
            "project": "deploy-ml-lab",
            "role": "roles/cloudsql.client"
          },
          "sensitive_attributes": [],
          "identity_schema_version": 0,
          "private": "bnVsbA==",
          "dependencies": [
            "module.cloud_sql_postgres.google_project_service.required",
            "module.cloud_sql_postgres.google_sql_database.db",
            "module.cloud_sql_postgres.google_sql_database.feast_db",
            "module.cloud_sql_postgres.google_sql_database.metrics_db",
            "module.cloud_sql_postgres.google_sql_database_instance.postgres",
            "module.cloud_sql_postgres.google_sql_user.users",
            "module.cloud_sql_postgres.null_resource.verify_instance_running",
            "module.cloud_sql_postgres.random_password.db_password",
            "module.cloud_sql_postgres.time_sleep.wait_for_instance",
            "module.model_monitoring_grafana.data.google_project.current"
          ]
        }
      ]
    },
    {
      "module": "module.model_registry_mlflow[0]",
      "mode": "data",
      "type": "google_project",
      "name": "current",
      "provider": "provider[\"registry.terraform.io/hashicorp/google\"]",
      "instances": [
        {
          "schema_version": 0,
          "attributes": {
            "auto_create_network": null,
            "billing_account": "014261-AF7FB9-F64DDA",
            "deletion_policy": "PREVENT",
            "effective_labels": {},
            "folder_id": null,
            "id": "projects/deploy-ml-lab",
            "labels": {},
            "name": "Deploy-ML-Lab",
            "number": "626687515067",
            "org_id": null,
            "project_id": "deploy-ml-lab",
            "tags": null,
            "terraform_labels": {}
          },
          "sensitive_attributes": [],
          "identity_schema_version": 0
        }
      ]
    },
    {
      "module": "module.model_registry_mlflow[0]",
      "mode": "managed",
      "type": "google_project_service",
      "name": "required",
      "provider": "provider[\"registry.terraform.io/hashicorp/google\"]",
      "instances": [
        {
          "index_key": "cloudkms.googleapis.com",
          "schema_version": 0,
          "attributes": {
            "disable_dependent_services": null,
            "disable_on_destroy": false,
            "id": "deploy-ml-lab/cloudkms.googleapis.com",
            "project": "deploy-ml-lab",
            "service": "cloudkms.googleapis.com",
            "timeouts": null
          },
          "sensitive_attributes": [],
          "identity_schema_version": 0,
          "private": "eyJlMmJmYjczMC1lY2FhLTExZTYtOGY4OC0zNDM2M2JjN2M0YzAiOnsiY3JlYXRlIjoxMjAwMDAwMDAwMDAwLCJkZWxldGUiOjEyMDAwMDAwMDAwMDAsInJlYWQiOjYwMDAwMDAwMDAwMCwidXBkYXRlIjoxMjAwMDAwMDAwMDAwfX0=",
          "dependencies": [
            "module.cloud_sql_postgres.google_project_service.required",
            "module.cloud_sql_postgres.google_sql_database.db",
            "module.cloud_sql_postgres.google_sql_database.feast_db",
            "module.cloud_sql_postgres.google_sql_database.metrics_db",
            "module.cloud_sql_postgres.google_sql_database_instance.postgres",
            "module.cloud_sql_postgres.google_sql_user.users",
            "module.cloud_sql_postgres.null_resource.verify_instance_running",
            "module.cloud_sql_postgres.random_password.db_password",
            "module.cloud_sql_postgres.time_sleep.wait_for_instance"
          ]
        },
        {
          "index_key": "cloudresourcemanager.googleapis.com",
          "schema_version": 0,
          "attributes": {
            "disable_dependent_services": null,
            "disable_on_destroy": false,
            "id": "deploy-ml-lab/cloudresourcemanager.googleapis.com",
            "project": "deploy-ml-lab",
            "service": "cloudresourcemanager.googleapis.com",
            "timeouts": null
          },
          "sensitive_attributes": [],
          "identity_schema_version": 0,
          "private": "eyJlMmJmYjczMC1lY2FhLTExZTYtOGY4OC0zNDM2M2JjN2M0YzAiOnsiY3JlYXRlIjoxMjAwMDAwMDAwMDAwLCJkZWxldGUiOjEyMDAwMDAwMDAwMDAsInJlYWQiOjYwMDAwMDAwMDAwMCwidXBkYXRlIjoxMjAwMDAwMDAwMDAwfX0=",
          "dependencies": [
            "module.cloud_sql_postgres.google_project_service.required",
            "module.cloud_sql_postgres.google_sql_database.db",
            "module.cloud_sql_postgres.google_sql_database.feast_db",
            "module.cloud_sql_postgres.google_sql_database.metrics_db",
            "module.cloud_sql_postgres.google_sql_database_instance.postgres",
            "module.cloud_sql_postgres.google_sql_user.users",
            "module.cloud_sql_postgres.null_resource.verify_instance_running",
            "module.cloud_sql_postgres.random_password.db_password",
            "module.cloud_sql_postgres.time_sleep.wait_for_instance"
          ]
        },
        {
          "index_key": "compute.googleapis.com",
          "schema_version": 0,
          "attributes": {
            "disable_dependent_services": null,
            "disable_on_destroy": false,
            "id": "deploy-ml-lab/compute.googleapis.com",
            "project": "deploy-ml-lab",
            "service": "compute.googleapis.com",
            "timeouts": null
          },
          "sensitive_attributes": [],
          "identity_schema_version": 0,
          "private": "eyJlMmJmYjczMC1lY2FhLTExZTYtOGY4OC0zNDM2M2JjN2M0YzAiOnsiY3JlYXRlIjoxMjAwMDAwMDAwMDAwLCJkZWxldGUiOjEyMDAwMDAwMDAwMDAsInJlYWQiOjYwMDAwMDAwMDAwMCwidXBkYXRlIjoxMjAwMDAwMDAwMDAwfX0=",
          "dependencies": [
            "module.cloud_sql_postgres.google_project_service.required",
            "module.cloud_sql_postgres.google_sql_database.db",
            "module.cloud_sql_postgres.google_sql_database.feast_db",
            "module.cloud_sql_postgres.google_sql_database.metrics_db",
            "module.cloud_sql_postgres.google_sql_database_instance.postgres",
            "module.cloud_sql_postgres.google_sql_user.users",
            "module.cloud_sql_postgres.null_resource.verify_instance_running",
            "module.cloud_sql_postgres.random_password.db_password",
            "module.cloud_sql_postgres.time_sleep.wait_for_instance"
          ]
        },
        {
          "index_key": "iam.googleapis.com",
          "schema_version": 0,
          "attributes": {
            "disable_dependent_services": null,
            "disable_on_destroy": false,
            "id": "deploy-ml-lab/iam.googleapis.com",
            "project": "deploy-ml-lab",
            "service": "iam.googleapis.com",
            "timeouts": null
          },
          "sensitive_attributes": [],
          "identity_schema_version": 0,
          "private": "eyJlMmJmYjczMC1lY2FhLTExZTYtOGY4OC0zNDM2M2JjN2M0YzAiOnsiY3JlYXRlIjoxMjAwMDAwMDAwMDAwLCJkZWxldGUiOjEyMDAwMDAwMDAwMDAsInJlYWQiOjYwMDAwMDAwMDAwMCwidXBkYXRlIjoxMjAwMDAwMDAwMDAwfX0=",
          "dependencies": [
            "module.cloud_sql_postgres.google_project_service.required",
            "module.cloud_sql_postgres.google_sql_database.db",
            "module.cloud_sql_postgres.google_sql_database.feast_db",
            "module.cloud_sql_postgres.google_sql_database.metrics_db",
            "module.cloud_sql_postgres.google_sql_database_instance.postgres",
            "module.cloud_sql_postgres.google_sql_user.users",
            "module.cloud_sql_postgres.null_resource.verify_instance_running",
            "module.cloud_sql_postgres.random_password.db_password",
            "module.cloud_sql_postgres.time_sleep.wait_for_instance"
          ]
        },
        {
          "index_key": "logging.googleapis.com",
          "schema_version": 0,
          "attributes": {
            "disable_dependent_services": null,
            "disable_on_destroy": false,
            "id": "deploy-ml-lab/logging.googleapis.com",
            "project": "deploy-ml-lab",
            "service": "logging.googleapis.com",
            "timeouts": null
          },
          "sensitive_attributes": [],
          "identity_schema_version": 0,
          "private": "eyJlMmJmYjczMC1lY2FhLTExZTYtOGY4OC0zNDM2M2JjN2M0YzAiOnsiY3JlYXRlIjoxMjAwMDAwMDAwMDAwLCJkZWxldGUiOjEyMDAwMDAwMDAwMDAsInJlYWQiOjYwMDAwMDAwMDAwMCwidXBkYXRlIjoxMjAwMDAwMDAwMDAwfX0=",
          "dependencies": [
            "module.cloud_sql_postgres.google_project_service.required",
            "module.cloud_sql_postgres.google_sql_database.db",
            "module.cloud_sql_postgres.google_sql_database.feast_db",
            "module.cloud_sql_postgres.google_sql_database.metrics_db",
            "module.cloud_sql_postgres.google_sql_database_instance.postgres",
            "module.cloud_sql_postgres.google_sql_user.users",
            "module.cloud_sql_postgres.null_resource.verify_instance_running",
            "module.cloud_sql_postgres.random_password.db_password",
            "module.cloud_sql_postgres.time_sleep.wait_for_instance"
          ]
        },
        {
          "index_key": "monitoring.googleapis.com",
          "schema_version": 0,
          "attributes": {
            "disable_dependent_services": null,
            "disable_on_destroy": false,
            "id": "deploy-ml-lab/monitoring.googleapis.com",
            "project": "deploy-ml-lab",
            "service": "monitoring.googleapis.com",
            "timeouts": null
          },
          "sensitive_attributes": [],
          "identity_schema_version": 0,
          "private": "eyJlMmJmYjczMC1lY2FhLTExZTYtOGY4OC0zNDM2M2JjN2M0YzAiOnsiY3JlYXRlIjoxMjAwMDAwMDAwMDAwLCJkZWxldGUiOjEyMDAwMDAwMDAwMDAsInJlYWQiOjYwMDAwMDAwMDAwMCwidXBkYXRlIjoxMjAwMDAwMDAwMDAwfX0=",
          "dependencies": [
            "module.cloud_sql_postgres.google_project_service.required",
            "module.cloud_sql_postgres.google_sql_database.db",
            "module.cloud_sql_postgres.google_sql_database.feast_db",
            "module.cloud_sql_postgres.google_sql_database.metrics_db",
            "module.cloud_sql_postgres.google_sql_database_instance.postgres",
            "module.cloud_sql_postgres.google_sql_user.users",
            "module.cloud_sql_postgres.null_resource.verify_instance_running",
            "module.cloud_sql_postgres.random_password.db_password",
            "module.cloud_sql_postgres.time_sleep.wait_for_instance"
          ]
        },
        {
          "index_key": "run.googleapis.com",
          "schema_version": 0,
          "attributes": {
            "disable_dependent_services": null,
            "disable_on_destroy": false,
            "id": "deploy-ml-lab/run.googleapis.com",
            "project": "deploy-ml-lab",
            "service": "run.googleapis.com",
            "timeouts": null
          },
          "sensitive_attributes": [],
          "identity_schema_version": 0,
          "private": "eyJlMmJmYjczMC1lY2FhLTExZTYtOGY4OC0zNDM2M2JjN2M0YzAiOnsiY3JlYXRlIjoxMjAwMDAwMDAwMDAwLCJkZWxldGUiOjEyMDAwMDAwMDAwMDAsInJlYWQiOjYwMDAwMDAwMDAwMCwidXBkYXRlIjoxMjAwMDAwMDAwMDAwfX0=",
          "dependencies": [
            "module.cloud_sql_postgres.google_project_service.required",
            "module.cloud_sql_postgres.google_sql_database.db",
            "module.cloud_sql_postgres.google_sql_database.feast_db",
            "module.cloud_sql_postgres.google_sql_database.metrics_db",
            "module.cloud_sql_postgres.google_sql_database_instance.postgres",
            "module.cloud_sql_postgres.google_sql_user.users",
            "module.cloud_sql_postgres.null_resource.verify_instance_running",
            "module.cloud_sql_postgres.random_password.db_password",
            "module.cloud_sql_postgres.time_sleep.wait_for_instance"
          ]
        },
        {
          "index_key": "servicenetworking.googleapis.com",
          "schema_version": 0,
          "attributes": {
            "disable_dependent_services": null,
            "disable_on_destroy": false,
            "id": "deploy-ml-lab/servicenetworking.googleapis.com",
            "project": "deploy-ml-lab",
            "service": "servicenetworking.googleapis.com",
            "timeouts": null
          },
          "sensitive_attributes": [],
          "identity_schema_version": 0,
          "private": "eyJlMmJmYjczMC1lY2FhLTExZTYtOGY4OC0zNDM2M2JjN2M0YzAiOnsiY3JlYXRlIjoxMjAwMDAwMDAwMDAwLCJkZWxldGUiOjEyMDAwMDAwMDAwMDAsInJlYWQiOjYwMDAwMDAwMDAwMCwidXBkYXRlIjoxMjAwMDAwMDAwMDAwfX0=",
          "dependencies": [
            "module.cloud_sql_postgres.google_project_service.required",
            "module.cloud_sql_postgres.google_sql_database.db",
            "module.cloud_sql_postgres.google_sql_database.feast_db",
            "module.cloud_sql_postgres.google_sql_database.metrics_db",
            "module.cloud_sql_postgres.google_sql_database_instance.postgres",
            "module.cloud_sql_postgres.google_sql_user.users",
            "module.cloud_sql_postgres.null_resource.verify_instance_running",
            "module.cloud_sql_postgres.random_password.db_password",
            "module.cloud_sql_postgres.time_sleep.wait_for_instance"
          ]
        },
        {
          "index_key": "serviceusage.googleapis.com",
          "schema_version": 0,
          "attributes": {
            "disable_dependent_services": null,
            "disable_on_destroy": false,
            "id": "deploy-ml-lab/serviceusage.googleapis.com",
            "project": "deploy-ml-lab",
            "service": "serviceusage.googleapis.com",
            "timeouts": null
          },
          "sensitive_attributes": [],
          "identity_schema_version": 0,
          "private": "eyJlMmJmYjczMC1lY2FhLTExZTYtOGY4OC0zNDM2M2JjN2M0YzAiOnsiY3JlYXRlIjoxMjAwMDAwMDAwMDAwLCJkZWxldGUiOjEyMDAwMDAwMDAwMDAsInJlYWQiOjYwMDAwMDAwMDAwMCwidXBkYXRlIjoxMjAwMDAwMDAwMDAwfX0=",
          "dependencies": [
            "module.cloud_sql_postgres.google_project_service.required",
            "module.cloud_sql_postgres.google_sql_database.db",
            "module.cloud_sql_postgres.google_sql_database.feast_db",
            "module.cloud_sql_postgres.google_sql_database.metrics_db",
            "module.cloud_sql_postgres.google_sql_database_instance.postgres",
            "module.cloud_sql_postgres.google_sql_user.users",
            "module.cloud_sql_postgres.null_resource.verify_instance_running",
            "module.cloud_sql_postgres.random_password.db_password",
            "module.cloud_sql_postgres.time_sleep.wait_for_instance"
          ]
        },
        {
          "index_key": "sql-component.googleapis.com",
          "schema_version": 0,
          "attributes": {
            "disable_dependent_services": null,
            "disable_on_destroy": false,
            "id": "deploy-ml-lab/sql-component.googleapis.com",
            "project": "deploy-ml-lab",
            "service": "sql-component.googleapis.com",
            "timeouts": null
          },
          "sensitive_attributes": [],
          "identity_schema_version": 0,
          "private": "eyJlMmJmYjczMC1lY2FhLTExZTYtOGY4OC0zNDM2M2JjN2M0YzAiOnsiY3JlYXRlIjoxMjAwMDAwMDAwMDAwLCJkZWxldGUiOjEyMDAwMDAwMDAwMDAsInJlYWQiOjYwMDAwMDAwMDAwMCwidXBkYXRlIjoxMjAwMDAwMDAwMDAwfX0=",
          "dependencies": [
            "module.cloud_sql_postgres.google_project_service.required",
            "module.cloud_sql_postgres.google_sql_database.db",
            "module.cloud_sql_postgres.google_sql_database.feast_db",
            "module.cloud_sql_postgres.google_sql_database.metrics_db",
            "module.cloud_sql_postgres.google_sql_database_instance.postgres",
            "module.cloud_sql_postgres.google_sql_user.users",
            "module.cloud_sql_postgres.null_resource.verify_instance_running",
            "module.cloud_sql_postgres.random_password.db_password",
            "module.cloud_sql_postgres.time_sleep.wait_for_instance"
          ]
        },
        {
          "index_key": "sqladmin.googleapis.com",
          "schema_version": 0,
          "attributes": {
            "disable_dependent_services": null,
            "disable_on_destroy": false,
            "id": "deploy-ml-lab/sqladmin.googleapis.com",
            "project": "deploy-ml-lab",
            "service": "sqladmin.googleapis.com",
            "timeouts": null
          },
          "sensitive_attributes": [],
          "identity_schema_version": 0,
          "private": "eyJlMmJmYjczMC1lY2FhLTExZTYtOGY4OC0zNDM2M2JjN2M0YzAiOnsiY3JlYXRlIjoxMjAwMDAwMDAwMDAwLCJkZWxldGUiOjEyMDAwMDAwMDAwMDAsInJlYWQiOjYwMDAwMDAwMDAwMCwidXBkYXRlIjoxMjAwMDAwMDAwMDAwfX0=",
          "dependencies": [
            "module.cloud_sql_postgres.google_project_service.required",
            "module.cloud_sql_postgres.google_sql_database.db",
            "module.cloud_sql_postgres.google_sql_database.feast_db",
            "module.cloud_sql_postgres.google_sql_database.metrics_db",
            "module.cloud_sql_postgres.google_sql_database_instance.postgres",
            "module.cloud_sql_postgres.google_sql_user.users",
            "module.cloud_sql_postgres.null_resource.verify_instance_running",
            "module.cloud_sql_postgres.random_password.db_password",
            "module.cloud_sql_postgres.time_sleep.wait_for_instance"
          ]
        },
        {
          "index_key": "storage-api.googleapis.com",
          "schema_version": 0,
          "attributes": {
            "disable_dependent_services": null,
            "disable_on_destroy": false,
            "id": "deploy-ml-lab/storage-api.googleapis.com",
            "project": "deploy-ml-lab",
            "service": "storage-api.googleapis.com",
            "timeouts": null
          },
          "sensitive_attributes": [],
          "identity_schema_version": 0,
          "private": "eyJlMmJmYjczMC1lY2FhLTExZTYtOGY4OC0zNDM2M2JjN2M0YzAiOnsiY3JlYXRlIjoxMjAwMDAwMDAwMDAwLCJkZWxldGUiOjEyMDAwMDAwMDAwMDAsInJlYWQiOjYwMDAwMDAwMDAwMCwidXBkYXRlIjoxMjAwMDAwMDAwMDAwfX0=",
          "dependencies": [
            "module.cloud_sql_postgres.google_project_service.required",
            "module.cloud_sql_postgres.google_sql_database.db",
            "module.cloud_sql_postgres.google_sql_database.feast_db",
            "module.cloud_sql_postgres.google_sql_database.metrics_db",
            "module.cloud_sql_postgres.google_sql_database_instance.postgres",
            "module.cloud_sql_postgres.google_sql_user.users",
            "module.cloud_sql_postgres.null_resource.verify_instance_running",
            "module.cloud_sql_postgres.random_password.db_password",
            "module.cloud_sql_postgres.time_sleep.wait_for_instance"
          ]
        },
        {
          "index_key": "storage-component.googleapis.com",
          "schema_version": 0,
          "attributes": {
            "disable_dependent_services": null,
            "disable_on_destroy": false,
            "id": "deploy-ml-lab/storage-component.googleapis.com",
            "project": "deploy-ml-lab",
            "service": "storage-component.googleapis.com",
            "timeouts": null
          },
          "sensitive_attributes": [],
          "identity_schema_version": 0,
          "private": "eyJlMmJmYjczMC1lY2FhLTExZTYtOGY4OC0zNDM2M2JjN2M0YzAiOnsiY3JlYXRlIjoxMjAwMDAwMDAwMDAwLCJkZWxldGUiOjEyMDAwMDAwMDAwMDAsInJlYWQiOjYwMDAwMDAwMDAwMCwidXBkYXRlIjoxMjAwMDAwMDAwMDAwfX0=",
          "dependencies": [
            "module.cloud_sql_postgres.google_project_service.required",
            "module.cloud_sql_postgres.google_sql_database.db",
            "module.cloud_sql_postgres.google_sql_database.feast_db",
            "module.cloud_sql_postgres.google_sql_database.metrics_db",
            "module.cloud_sql_postgres.google_sql_database_instance.postgres",
            "module.cloud_sql_postgres.google_sql_user.users",
            "module.cloud_sql_postgres.null_resource.verify_instance_running",
            "module.cloud_sql_postgres.random_password.db_password",
            "module.cloud_sql_postgres.time_sleep.wait_for_instance"
          ]
        }
      ]
    },
    {
      "module": "module.model_serving_fastapi[0]",
      "mode": "data",
      "type": "google_project",
      "name": "current",
      "provider": "provider[\"registry.terraform.io/hashicorp/google\"]",
      "instances": [
        {
          "schema_version": 0,
          "attributes": {
            "auto_create_network": null,
            "billing_account": "014261-AF7FB9-F64DDA",
            "deletion_policy": "PREVENT",
            "effective_labels": {},
            "folder_id": null,
            "id": "projects/deploy-ml-lab",
            "labels": {},
            "name": "Deploy-ML-Lab",
            "number": "626687515067",
            "org_id": null,
            "project_id": "deploy-ml-lab",
            "tags": null,
            "terraform_labels": {}
          },
          "sensitive_attributes": [],
          "identity_schema_version": 0
        }
      ]
    },
    {
      "module": "module.model_serving_fastapi[0]",
      "mode": "managed",
      "type": "google_cloud_run_service",
      "name": "fastapi",
      "provider": "provider[\"registry.terraform.io/hashicorp/google\"]",
      "instances": [
        {
          "schema_version": 2,
          "attributes": {
            "autogenerate_revision_name": false,
            "id": "locations/us-west1/namespaces/deploy-ml-lab/services/fastapi-mlflow-server",
            "location": "us-west1",
            "metadata": [
              {
                "annotations": {},
                "effective_annotations": {
                  "run.googleapis.com/ingress": "all",
                  "run.googleapis.com/ingress-status": "all",
                  "run.googleapis.com/maxScale": "10",
                  "run.googleapis.com/operation-id": "c68ef834-36d0-417a-861f-f49a9403b2ba",
                  "run.googleapis.com/urls": "[\"https://fastapi-mlflow-server-626687515067.us-west1.run.app\",\"https://fastapi-mlflow-server-k3u4xkonya-uw.a.run.app\"]",
                  "serving.knative.dev/creator": "kyleparkman5@gmail.com",
                  "serving.knative.dev/lastModifier": "kyleparkman5@gmail.com"
                },
                "effective_labels": {
                  "cloud.googleapis.com/location": "us-west1"
                },
                "generation": 1,
                "labels": {},
                "namespace": "deploy-ml-lab",
                "resource_version": "AAZQxVoZZFA",
                "self_link": "/apis/serving.knative.dev/v1/namespaces/626687515067/services/fastapi-mlflow-server",
                "terraform_labels": {},
                "uid": "39d83923-4265-4370-b9bc-78b67c4b67d9"
              }
            ],
            "name": "fastapi-mlflow-server",
            "project": "deploy-ml-lab",
            "status": [
              {
                "conditions": [
                  {
                    "message": "",
                    "reason": "",
                    "status": "True",
                    "type": "Ready"
                  },
                  {
                    "message": "",
                    "reason": "",
                    "status": "True",
                    "type": "ConfigurationsReady"
                  },
                  {
                    "message": "",
                    "reason": "",
                    "status": "True",
                    "type": "RoutesReady"
                  }
                ],
                "latest_created_revision_name": "fastapi-mlflow-server-00001-55g",
                "latest_ready_revision_name": "fastapi-mlflow-server-00001-55g",
                "observed_generation": 1,
                "traffic": [
                  {
                    "latest_revision": true,
                    "percent": 100,
                    "revision_name": "fastapi-mlflow-server-00001-55g",
                    "tag": "",
                    "url": ""
                  }
                ],
                "url": "https://fastapi-mlflow-server-k3u4xkonya-uw.a.run.app"
              }
            ],
            "template": [
              {
                "metadata": [
                  {
                    "annotations": {
                      "autoscaling.knative.dev/maxScale": "10",
                      "run.googleapis.com/cloudsql-instances": "deploy-ml-lab:us-west1:mlflow-postgres-deploy-ml-lab",
                      "run.googleapis.com/cpu-throttling": "false",
                      "run.googleapis.com/execution-environment": "gen2"
                    },
                    "generation": 0,
                    "labels": {
                      "run.googleapis.com/startupProbeType": "Custom"
                    },
                    "name": "",
                    "namespace": "",
                    "resource_version": "",
                    "self_link": "",
                    "uid": ""
                  }
                ],
                "spec": [
                  {
                    "container_concurrency": 160,
                    "containers": [
                      {
                        "args": null,
                        "command": null,
                        "env": [
                          {
                            "name": "BACKEND_STORE_URI",
                            "value": "postgresql+psycopg2://mlflow:DDU3gRGXuArv_3J_@136.118.213.160:5432/mlflow",
                            "value_from": []
                          },
                          {
                            "name": "BIGQUERY_DATASET",
                            "value": "mlops",
                            "value_from": []
                          },
                          {
                            "name": "DATABASE_URL",
                            "value": "postgresql+psycopg2://mlflow:DDU3gRGXuArv_3J_@/metrics?host=/cloudsql/deploy-ml-lab:us-west1:mlflow-postgres-deploy-ml-lab",
                            "value_from": []
                          },
                          {
                            "name": "ENABLE_FEAST_CONNECTION",
                            "value": "false",
                            "value_from": []
                          },
                          {
                            "name": "FEAST_SERVICE_URL",
                            "value": "",
                            "value_from": []
                          },
                          {
                            "name": "GOOGLE_CLOUD_PROJECT",
                            "value": "deploy-ml-lab",
                            "value_from": []
                          },
                          {
                            "name": "MLFLOW_TRACKING_URI",
                            "value": "https://mlflow-server-k3u4xkonya-uw.a.run.app",
                            "value_from": []
                          },
                          {
                            "name": "MODEL_URI",
                            "value": "",
                            "value_from": []
                          },
                          {
                            "name": "USE_POSTGRES",
                            "value": "true",
                            "value_from": []
                          }
                        ],
                        "env_from": [],
                        "image": "us-west1-docker.pkg.dev/deploy-ml-lab/mlops-images/fastapi:latest",
                        "liveness_probe": [
                          {
                            "failure_threshold": 3,
                            "grpc": [],
                            "http_get": [
                              {
                                "http_headers": [],
                                "path": "/health",
                                "port": 8080
                              }
                            ],
                            "initial_delay_seconds": 30,
                            "period_seconds": 30,
                            "timeout_seconds": 10
                          }
                        ],
                        "name": "",
                        "ports": [
                          {
                            "container_port": 8080,
                            "name": "http1",
                            "protocol": ""
                          }
                        ],
                        "readiness_probe": [],
                        "resources": [
                          {
                            "limits": {
                              "cpu": "2000m",
                              "memory": "2Gi"
                            },
                            "requests": null
                          }
                        ],
                        "startup_probe": [
                          {
                            "failure_threshold": 10,
                            "grpc": [],
                            "http_get": [
                              {
                                "http_headers": [],
                                "path": "/health",
                                "port": 8080
                              }
                            ],
                            "initial_delay_seconds": 10,
                            "period_seconds": 10,
                            "tcp_socket": [],
                            "timeout_seconds": 10
                          }
                        ],
                        "volume_mounts": [],
                        "working_dir": ""
                      }
                    ],
                    "node_selector": null,
                    "service_account_name": "626687515067-compute@developer.gserviceaccount.com",
                    "serving_state": "",
                    "timeout_seconds": 300,
                    "volumes": []
                  }
                ]
              }
            ],
            "timeouts": null,
            "traffic": [
              {
                "latest_revision": true,
                "percent": 100,
                "revision_name": "",
                "tag": "",
                "url": ""
              }
            ]
          },
          "sensitive_attributes": [
            [
              {
                "type": "get_attr",
                "value": "template"
              },
              {
                "type": "index",
                "value": {
                  "value": 0,
                  "type": "number"
                }
              },
              {
                "type": "get_attr",
                "value": "spec"
              },
              {
                "type": "index",
                "value": {
                  "value": 0,
                  "type": "number"
                }
              },
              {
                "type": "get_attr",
                "value": "containers"
              },
              {
                "type": "index",
                "value": {
                  "value": 0,
                  "type": "number"
                }
              },
              {
                "type": "get_attr",
                "value": "env"
              }
            ]
          ],
          "identity_schema_version": 1,
          "identity": {
            "location": "us-west1",
            "name": "fastapi-mlflow-server",
            "project": "deploy-ml-lab"
          },
          "private": "eyJlMmJmYjczMC1lY2FhLTExZTYtOGY4OC0zNDM2M2JjN2M0YzAiOnsiY3JlYXRlIjoxMjAwMDAwMDAwMDAwLCJkZWxldGUiOjEyMDAwMDAwMDAwMDAsInVwZGF0ZSI6MTIwMDAwMDAwMDAwMH0sInNjaGVtYV92ZXJzaW9uIjoiMiJ9",
          "dependencies": [
            "module.cloud_sql_postgres.google_project_service.required",
            "module.cloud_sql_postgres.google_sql_database.db",
            "module.cloud_sql_postgres.google_sql_database.feast_db",
            "module.cloud_sql_postgres.google_sql_database.metrics_db",
            "module.cloud_sql_postgres.google_sql_database_instance.postgres",
            "module.cloud_sql_postgres.google_sql_user.users",
            "module.cloud_sql_postgres.null_resource.verify_instance_running",
            "module.cloud_sql_postgres.random_password.db_password",
            "module.cloud_sql_postgres.time_sleep.wait_for_instance",
            "module.experiment_tracking_mlflow.data.google_project.current",
            "module.experiment_tracking_mlflow.google_cloud_run_service.mlflow",
            "module.experiment_tracking_mlflow.google_cloud_run_service_iam_member.public",
            "module.experiment_tracking_mlflow.google_project_service.required",
            "module.experiment_tracking_mlflow.google_storage_bucket_iam_member.mlflow_service_access",
            "module.model_serving_fastapi.data.google_project.current"
          ]
        }
      ]
    },
    {
      "module": "module.model_serving_fastapi[0]",
      "mode": "managed",
      "type": "google_cloud_run_service_iam_member",
      "name": "public",
      "provider": "provider[\"registry.terraform.io/hashicorp/google\"]",
      "instances": [
        {
          "index_key": 0,
          "schema_version": 0,
          "attributes": {
            "condition": [],
            "etag": "BwZQxVqW320=",
            "id": "v1/projects/deploy-ml-lab/locations/us-west1/services/fastapi-mlflow-server/roles/run.invoker/allUsers",
            "location": "us-west1",
            "member": "allUsers",
            "project": "deploy-ml-lab",
            "role": "roles/run.invoker",
            "service": "v1/projects/deploy-ml-lab/locations/us-west1/services/fastapi-mlflow-server"
          },
          "sensitive_attributes": [],
          "identity_schema_version": 0,
          "private": "bnVsbA==",
          "dependencies": [
            "module.cloud_sql_postgres.google_project_service.required",
            "module.cloud_sql_postgres.google_sql_database.db",
            "module.cloud_sql_postgres.google_sql_database.feast_db",
            "module.cloud_sql_postgres.google_sql_database.metrics_db",
            "module.cloud_sql_postgres.google_sql_database_instance.postgres",
            "module.cloud_sql_postgres.google_sql_user.users",
            "module.cloud_sql_postgres.null_resource.verify_instance_running",
            "module.cloud_sql_postgres.random_password.db_password",
            "module.cloud_sql_postgres.time_sleep.wait_for_instance",
            "module.experiment_tracking_mlflow.data.google_project.current",
            "module.experiment_tracking_mlflow.google_cloud_run_service.mlflow",
            "module.experiment_tracking_mlflow.google_cloud_run_service_iam_member.public",
            "module.experiment_tracking_mlflow.google_project_service.required",
            "module.experiment_tracking_mlflow.google_storage_bucket_iam_member.mlflow_service_access",
            "module.model_serving_fastapi.data.google_project.current",
            "module.model_serving_fastapi.google_cloud_run_service.fastapi"
          ]
        }
      ]
    },
    {
      "module": "module.model_serving_fastapi[0]",
      "mode": "managed",
      "type": "google_project_iam_member",
      "name": "fastapi_bigquery_user",
      "provider": "provider[\"registry.terraform.io/hashicorp/google\"]",
      "instances": [
        {
          "schema_version": 0,
          "attributes": {
            "condition": [],
            "etag": "BwZQxSin1T4=",
            "id": "deploy-ml-lab/roles/bigquery.dataEditor/serviceAccount:626687515067-compute@developer.gserviceaccount.com",
            "member": "serviceAccount:626687515067-compute@developer.gserviceaccount.com",
            "project": "deploy-ml-lab",
            "role": "roles/bigquery.dataEditor"
          },
          "sensitive_attributes": [],
          "identity_schema_version": 0,
          "private": "bnVsbA==",
          "dependencies": [
            "module.model_serving_fastapi.data.google_project.current"
          ]
        }
      ]
    },
    {
      "module": "module.model_serving_fastapi[0]",
      "mode": "managed",
      "type": "google_project_iam_member",
      "name": "fastapi_cloudsql_client",
      "provider": "provider[\"registry.terraform.io/hashicorp/google\"]",
      "instances": [
        {
          "schema_version": 0,
          "attributes": {
            "condition": [],
            "etag": "BwZQxSin1T4=",
            "id": "deploy-ml-lab/roles/cloudsql.client/serviceAccount:626687515067-compute@developer.gserviceaccount.com",
            "member": "serviceAccount:626687515067-compute@developer.gserviceaccount.com",
            "project": "deploy-ml-lab",
            "role": "roles/cloudsql.client"
          },
          "sensitive_attributes": [],
          "identity_schema_version": 0,
          "private": "bnVsbA==",
          "dependencies": [
            "module.model_serving_fastapi.data.google_project.current"
          ]
        }
      ]
    },
    {
      "module": "module.model_serving_fastapi[0]",
      "mode": "managed",
      "type": "google_project_iam_member",
      "name": "fastapi_storage_object_admin",
      "provider": "provider[\"registry.terraform.io/hashicorp/google\"]",
      "instances": [
        {
          "schema_version": 0,
          "attributes": {
            "condition": [],
            "etag": "BwZQxSin1T4=",
            "id": "deploy-ml-lab/roles/storage.objectAdmin/serviceAccount:626687515067-compute@developer.gserviceaccount.com",
            "member": "serviceAccount:626687515067-compute@developer.gserviceaccount.com",
            "project": "deploy-ml-lab",
            "role": "roles/storage.objectAdmin"
          },
          "sensitive_attributes": [],
          "identity_schema_version": 0,
          "private": "bnVsbA==",
          "dependencies": [
            "module.model_serving_fastapi.data.google_project.current"
          ]
        }
      ]
    },
    {
      "module": "module.model_serving_fastapi[0]",
      "mode": "managed",
      "type": "google_project_iam_member",
      "name": "fastapi_storage_object_viewer",
      "provider": "provider[\"registry.terraform.io/hashicorp/google\"]",
      "instances": [
        {
          "schema_version": 0,
          "attributes": {
            "condition": [],
            "etag": "BwZQxSin1T4=",
            "id": "deploy-ml-lab/roles/storage.objectViewer/serviceAccount:626687515067-compute@developer.gserviceaccount.com",
            "member": "serviceAccount:626687515067-compute@developer.gserviceaccount.com",
            "project": "deploy-ml-lab",
            "role": "roles/storage.objectViewer"
          },
          "sensitive_attributes": [],
          "identity_schema_version": 0,
          "private": "bnVsbA==",
          "dependencies": [
            "module.model_serving_fastapi.data.google_project.current"
          ]
        }
      ]
    }
  ],
  "check_results": null
}
